{
  "version": 4,
  "terraform_version": "1.11.1",
  "serial": 129,
  "lineage": "faa194d5-d081-6d93-db00-b84a388d6ef4",
  "outputs": {
    "aks_cluster_id": {
      "value": "/subscriptions/cf8381bd-cf5d-4057-8b9a-38a3705994b4/resourceGroups/ics-dev-aks-rg/providers/Microsoft.ContainerService/managedClusters/ics-dev-aks-cluster",
      "type": "string"
    },
    "aks_cluster_name": {
      "value": "ics-dev-aks-cluster",
      "type": "string"
    },
    "argocd_application_controller_service_name": {
      "value": "argocd-argocd-application-controller",
      "type": "string"
    },
    "argocd_chart_version": {
      "value": "5.46.7",
      "type": "string"
    },
    "argocd_endpoint": {
      "value": "https://argocd.incoraics.com",
      "type": "string"
    },
    "argocd_helm_release_name": {
      "value": "argocd",
      "type": "string"
    },
    "argocd_helm_release_status": {
      "value": "deployed",
      "type": "string"
    },
    "argocd_ingress_host": {
      "value": "argocd.incoraics.com",
      "type": "string"
    },
    "argocd_namespace": {
      "value": "argo",
      "type": "string"
    },
    "argocd_repo_server_service_name": {
      "value": "argocd-argocd-repo-server",
      "type": "string"
    },
    "argocd_server_service_name": {
      "value": "argocd-argocd-server",
      "type": "string"
    },
    "argocd_status": {
      "value": "deployed",
      "type": "string"
    },
    "argocd_url": {
      "value": "https://argocd.incoraics.com",
      "type": "string"
    },
    "key_vault_id": {
      "value": "/subscriptions/cf8381bd-cf5d-4057-8b9a-38a3705994b4/resourceGroups/ics-dev-aks-rg/providers/Microsoft.KeyVault/vaults/ics-dev-aks-cluster-kv",
      "type": "string"
    },
    "key_vault_uri": {
      "value": "https://ics-dev-aks-cluster-kv.vault.azure.net/",
      "type": "string"
    },
    "kube_config": {
      "value": "apiVersion: v1\nclusters:\n- cluster:\n    certificate-authority-data: LS0tLS1CRUdJTiBDRVJUSUZJQ0FURS0tLS0tCk1JSUU2RENDQXRDZ0F3SUJBZ0lRZHgrMGJLQXFpQVpZdVZabjQ0TDZzekFOQmdrcWhraUc5dzBCQVFzRkFEQU4KTVFzd0NRWURWUVFERXdKallUQWdGdzB5TlRBME1UY3lNakUwTkROYUdBOHlNRFUxTURReE56SXlNalEwTTFvdwpEVEVMTUFrR0ExVUVBeE1DWTJFd2dnSWlNQTBHQ1NxR1NJYjNEUUVCQVFVQUE0SUNEd0F3Z2dJS0FvSUNBUUNmCmsyQXVqTkFRS3U5MnRiT3FDMTg3cXFTcFdCK3ZEcCtMelJkYTZqZjJERCtidWlxamNwSncxM2JmVUwvei8vN3gKVUZOL3RPY0lKNHJTVS80QUh0WHIyclpUYStsN29GK3B0dStqaVNQR3BZVHI4YlkyOXQwRzhSbkpjSTNPZk5vZQp5YVkzL1FYdyt5NEY0VDdpMGJIVTNKdHQzaXZzMVlVT005K1NNWVFhOVNTNk5pRnJXZTgvN2lwd0NsV0JzeStkCldJNUZwQnlCNjg3dEc2NkU0aGZ4WVZIOVBiNlVGZFlNU29NSG5xU3NBb0wyK0dGYStkQTNocENSZWtMeWR4YWkKZ3h4Mk94UjhjSXZFMmQzdTVNbnpKbkFUZU5wM0Y3Y01mV0E0Z0d0cEx4bzgrK0ZXSnYyWkpZVGw2TFNBTSsyOApqTmcyckZpUGhpTXFLdG5nek5pbU5zelFoU1A1bkxOQ1hZS2RFSlZleVdjb0ZKRzFNM1NjUkk3bEZTWktpU3p2CjlHQ2NRQUIvUTZuc2JBUUs5UktLN2IxN1dINjhJcTFyS2VoYlJGRTd2RmdxeXBDeDFTa2ZNY2U0ZTFmWnI4a2YKck94eUwwRk9kQXBaSEJIa1E3MnpUTk5NTWxsUnVxT2xpQnNTemlVNnRFeE1QTHNZTjljS1c4aWYyRjl1Q2RWSQpoTDFid2hMaTlzaFRqcW04cDM0dHN6OG1QOXpjUEczYUF6NnBOTnhXc2ZXU0RzNE0yU0FFQTFnTWZEaGJ6dmRSClFrNHlPR2wyY2RWbVJuTzlLTEhaM0JKbHNPN3dpNnJCcnJxZmlPOWxORjA1b3IyWjVBNzl6ODh6a3NySjlyK2wKZHlWTDhaUmxUN0xwZDdwekpNRGsyNTVmbjZDQlExTmUvYitSMmlWNUx3SURBUUFCbzBJd1FEQU9CZ05WSFE4QgpBZjhFQkFNQ0FxUXdEd1lEVlIwVEFRSC9CQVV3QXdFQi96QWRCZ05WSFE0RUZnUVV6cmdlTUQzSlFPWXVWYy9RCkJBZGI1aGs5aE5Jd0RRWUpLb1pJaHZjTkFRRUxCUUFEZ2dJQkFEOUxIT1JKU0hPTDVCYlkvSHl1THN2dHhiSzQKb0RCMEQ2aHFiVCtCTGRESkQzQk1CT1VLQndSM3hwVXR3b1AvWFJxdWtESmU1WFJtRGZCY1hTd2tMRG1wQzdoMQo3STU0aFRidWljS3lnQWd2TmRrZHFzL2Q2N1RCRlM4bm9QYW5VbG1KQ01OaUpjdDNMNFpWa1YwbkhhNjFDR1NoCjlBN0d1cTd0QzZmWlFFNzlUR2E2cHNmQm40RFNOOXVYNVluVmRMdWVsbHFXTFVVaFVYanpzYVQ1U1d3eUx4Q1gKRFFraFRtRmthNlV5ckRjNzJHQThtSXdxRnZNOWxySWgvaklHMVEzN3FtUEFFc01Fd0trWENQaXFILzFQNmJHVQpnUkhxY0RnU3RXcFlYOHl1M3JuWVo3ck1uSW84V0lXbm00SnNKc1UxRGVGUmhpRFZLR25OYXJPcWFSbFl2NURaCjZTZm1xYzJTTkZOU3BFYlJmV1ppbTNtNC9PdDUrVDQrc3puWTV2b3lmeWVGWkduNHhpVkxpZHNzcEJuTnpFd1AKT293eFR4ZUtaTzNhWEdOWmtUOGU3QW9hSmNVVUM0SHFSdXR1VGxMR1J3dldYWFhTeGlFNW5uTHJBeXJrQkZNUQpxdEVuTkJ6Sk1NenNhampNU1Q1MDEyUWtnSDkwR0FLRGJUNSswcXRBSDdZU240RXR2SHdudzRycGl0aS9vYytFClpwY01MamxRVUIxK2NlbE5jcmo5WFkxRlpYTFQ3dW43alFqK2JyZ2d0di9WTkhpSTZGc1JNSmlJVExvV3d2QVAKTVFiTnZCSEZjVVIyZXFGRW90cHRYZlcwak1MdUhZZFcvQlZsY2pxTnZIdHZFSkdwM2NxUXJkUnJGSDM0WS81cgpVdERJNTNLYkpzN05wT0E4Ci0tLS0tRU5EIENFUlRJRklDQVRFLS0tLS0K\n    server: https://ics-dev-aks-cluster-5pn1j1vw.hcp.centralus.azmk8s.io:443\n  name: ics-dev-aks-cluster\ncontexts:\n- context:\n    cluster: ics-dev-aks-cluster\n    user: clusterUser_ics-dev-aks-rg_ics-dev-aks-cluster\n  name: ics-dev-aks-cluster\ncurrent-context: ics-dev-aks-cluster\nkind: Config\npreferences: {}\nusers:\n- name: clusterUser_ics-dev-aks-rg_ics-dev-aks-cluster\n  user:\n    client-certificate-data: LS0tLS1CRUdJTiBDRVJUSUZJQ0FURS0tLS0tCk1JSUZIVENDQXdXZ0F3SUJBZ0lRREREbUtmVkRFRnRhamh2L0hkakh3REFOQmdrcWhraUc5dzBCQVFzRkFEQU4KTVFzd0NRWURWUVFERXdKallUQWVGdzB5TlRBME1UY3lNakUwTkROYUZ3MHlOekEwTVRjeU1qSTBORE5hTURBeApGekFWQmdOVkJBb1REbk41YzNSbGJUcHRZWE4wWlhKek1SVXdFd1lEVlFRREV3eHRZWE4wWlhKamJHbGxiblF3CmdnSWlNQTBHQ1NxR1NJYjNEUUVCQVFVQUE0SUNEd0F3Z2dJS0FvSUNBUUM5KzBFZ1Y2UDJZNzVmM29sLzdxWlUKTjJkMysxN2NEbS9JL0EvdTNLTW1hNEw4UHpsSW4zeTlkQ1V4cHQ0Z3Jla2tFS0xsZURqZzljb3pzZlVWZWc5TAphUHJLR004TEZQQWo1Z29vMkNPRDRKSWNJM2dKZ0o1dUhkQ2RuTGJ2dkZaVi9JQWJIZEcxRVZJZTJOT2UxNjQ4CnZNWjNrS2kzc1JCRm9jUHRvTUh1Z1ViQXc0eFVTcHJOQllYU1RsQVFWbWkyTTFiRGlFU0dzWmdDdVJMenVoR0wKM25Hck02b1pIYklIaW1FRldqWGdYS0ovNFhNNkdLenlMVkxYS1BWcnJMcENOdzd3djNNMXVPUlFMaWxMZXZ6dApZL0RnSEFRM1JNcjdoUThhR1FvRjZ5WERvcXlDRk01QW9wSVNRUWt3aDZjLzhCWUdRbzY2Rk8wNlZiN2VzeEUxCmM1b3JlWjBvUVhock0xTzFpYzVnM1lUcTYzRm50SmlQbTV0eGpkQkN2TjdTcG82UW95U2cwNy9IY3BONWlvNUIKZGhBNnoyT0JRd01ScFRKOXIrU0M0c1UzMkpvTnJQdEsrQWdRaU9EdDJ0aGM0czZmWlQweCt0ejl4dVg4cXd5cgp2Y1pZcWo3TC9xRDFuSTV3a3ZIQitvLzdWVHlIQWVyOVppSDZGQXExT1h5UFV1KzZ3SHJMd241OE1tT0g0aEpGCndpaG50V3JDQUxCNnRPdFJoc2JIekdhOVgwR1FpQXNCalpjTXNlQ1UrV2NURytiN0U3MUxzNHlvUG4xVmFLWnoKYitDWEtVYnh1dHViTHRaTU9aMWN1T1N6QVlDTU9rS1VFOVJBM0tsbHN1d0pDRkpuQjJpYXZsd1lpUko4WDZYaAphQUFQQzAveW00WjV4OHZ5b0ZOOTBRSURBUUFCbzFZd1ZEQU9CZ05WSFE4QkFmOEVCQU1DQmFBd0V3WURWUjBsCkJBd3dDZ1lJS3dZQkJRVUhBd0l3REFZRFZSMFRBUUgvQkFJd0FEQWZCZ05WSFNNRUdEQVdnQlRPdUI0d1BjbEEKNWk1Vno5QUVCMXZtR1QyRTBqQU5CZ2txaGtpRzl3MEJBUXNGQUFPQ0FnRUFNa2VuNE5oc2F3dm12ZXpETWQydgpmUHVtaFZwdWFHZTRzc1NvWjRPeGo2THJ3dkFnMHQ4MllpUjEwSUpZVFRhT3pJZFUrc2YrZWpBS1FEZW1QbXo3CjVMY01EaEhLZk1aYlgxR3dHWnMvdDQwNjJBYVk5azNLOHZSenFGbXMrYmVQVHZvdlduV0pIa1V1ZXphdDlYb2IKYlU2dGpHc1Ura3diSDN5NjhlaGdiendXRXk3eUN6OEZZN2ZsWWY4R0lsMlpkcjNDSzdIdWl5TkVPNHo2aDJyaQpGeHAwa2VNODNyNFZKYk9uZnJtRGxGOEZ5Slk4UC9IVEExZk41QzFlcEdPb05tTXMzVUV4WUIvY0hQbHQyM1JoCjNiQm1JMmJKcjExaEppSEVDTWdNMVV4SEU5L1IyMjUzVkh1bC9WS2l0bDZLOWwyR3pHc2ZWdjJUTTlUeHFuUDgKWXlmWVJUc0REUVdvUFNueGhtNWtud0FqaDNhbEdmcFRUdWRCVzZTWFgrZDNyMmtlYVdJU2ZHcmlXZDczcVlQTQoyR3FhWU01SCtidTdjcFJ0Zk95Y2VlbWRoZnVwUjdUTTk5VkRaMW9ob0lrUjl0WUVGcGV4bzlGb21sUXc4aXRzClRveFkxclJPZ21KNTIydlRGQjZhYnBtTFA3cGhkUVZGVVcxTzREMzI5NnZrUStmbXBOWXNYVWFpV3hMeHkzQlYKc3NLVjQ1RXhsODROd0g2VTRNTkJOa3d3djVKRzRLazM3aWZrSzNvbUgxR2FKeWZZUENYeGd2azR0dFNmUjNwYwpqVDZ6L21xdGFNcEN6bFBOdXFmNWwzVktFQUU1bW5MNFQvZURsMm5wK0RxYjJoN0dRYnNVM1hSc3M0MWczMVMxCmlvUEZ4U2tzblU0TCt3eE8yZEFaY0djPQotLS0tLUVORCBDRVJUSUZJQ0FURS0tLS0tCg==\n    client-key-data: LS0tLS1CRUdJTiBSU0EgUFJJVkFURSBLRVktLS0tLQpNSUlKS1FJQkFBS0NBZ0VBdmZ0QklGZWo5bU8rWDk2SmYrNm1WRGRuZC90ZTNBNXZ5UHdQN3R5akptdUMvRDg1ClNKOTh2WFFsTWFiZUlLM3BKQkNpNVhnNDRQWEtNN0gxRlhvUFMyajZ5aGpQQ3hUd0krWUtLTmdqZytDU0hDTjQKQ1lDZWJoM1FuWnkyNzd4V1ZmeUFHeDNSdFJGU0h0alRudGV1UEx6R2Q1Q290N0VRUmFIRDdhREI3b0ZHd01PTQpWRXFhelFXRjBrNVFFRlpvdGpOV3c0aEVockdZQXJrUzg3b1JpOTV4cXpPcUdSMnlCNHBoQlZvMTRGeWlmK0Z6Ck9oaXM4aTFTMXlqMWE2eTZRamNPOEw5ek5iamtVQzRwUzNyODdXUHc0QndFTjBUSys0VVBHaGtLQmVzbHc2S3MKZ2hUT1FLS1NFa0VKTUllblAvQVdCa0tPdWhUdE9sVyszck1STlhPYUszbWRLRUY0YXpOVHRZbk9ZTjJFNnV0eApaN1NZajV1YmNZM1FRcnplMHFhT2tLTWtvTk8veDNLVGVZcU9RWFlRT3M5amdVTURFYVV5ZmEva2d1TEZOOWlhCkRhejdTdmdJRUlqZzdkcllYT0xPbjJVOU1mcmMvY2JsL0tzTXE3M0dXS28reS82ZzlaeU9jSkx4d2ZxUCsxVTgKaHdIcS9XWWgraFFLdFRsOGoxTHZ1c0I2eThKK2ZESmpoK0lTUmNJb1o3VnF3Z0N3ZXJUclVZYkd4OHhtdlY5QgprSWdMQVkyWERMSGdsUGxuRXh2bSt4TzlTN09NcUQ1OVZXaW1jMi9nbHlsRzhicmJteTdXVERtZFhMamtzd0dBCmpEcENsQlBVUU55cFpiTHNDUWhTWndkb21yNWNHSWtTZkYrbDRXZ0FEd3RQOHB1R2VjZkw4cUJUZmRFQ0F3RUEKQVFLQ0FnQU5yM2pNaktPcUR4dGFxcHc3RkFUMVVoeG8vem1oSG9VYzlGTnRnSVZjTWloNFpWR0tFcnNZcHJJNwpObXNQN1pjNjJ0dnhMY3pqSDdHV01iNlc4bmtCbEtsa1A0OUNuQnFFYTREVjJtUU1qdlBYaFJLVGxLbFZBMTdRCnk4WTkxTkpmVlZZaEhlL0tYRm9QRU0yRnhzR3RiR2ZibXhjY1RHd0FxQnVHRmF1Q3M5dFY3WUJCWGpKeWpIQk0KYXduSGM0SU5oZnM5RUtibkVRb0RRRFBHVE9RUXNGQjk1YlhlSTA1OHpwSVlvWnY1OHBKZUplNTRBK2tKZFF4ZgpwWHF3YS92cTR5NTNWME5FWG5KTCtGZFBNYWZncmU5ZkpZV0VPYmRwa1BjNmlRMDR5ZXlwZ0NGdktYS0dJMi9rClVyMEh1dTNvWkRJaDkwOXl4aWtrcDZLZFJrYjU4NzkzOTFVNHkvVkdxYTJyWVkxRlhCU0loamVWVTdBVHBqd1MKTFZ6eGU4bTVId0ozNEhWakpHUHdlREpLaUhGbmYyd3l6UFZHcjgxV1RnR2RFZC9iOUZ6ZTJwYTgzRk91LzliUwpVSHc3dnBOY2tpSjhMeXRhT2xJOUNqNlZOckVGdm5iTzBnOTRxR0YxOE4xTEVsbndmR3lvSzNCYVNVZVVCVWtrClM2c01LdXp3R1Uxak1tK1B4TmdSN1JURTZJWG1IT0JhbTVBRHJxV1JyS09SZG1jbTk2MkVCR0hwN0ZRekNBTWkKSTZvZUxDVGRQMU9hR0F0M29RTUpZTmpkYituNzRNZHN6R3BCSHVaSGNDSFhERGYraEhZZHRtY2dML0xjTTZVagpFNk1EUlMrWGVoK2Roc1NxdWNQclRPWTBtUi9xMlNMZnNHdHMrcFZ0TlZlem42ZkJkUUtDQVFFQXc5RldlMUxKCmpYUExZMG8xd2k0U0VqOTUzdk5vL0Q1Z1JwbFR0bTQ2QkM1L0dlOCtyc1VZc2JwNnlJUnhOQkpnYWVtUCtrSmoKcFZNUENnM2pXNXdUa1ZqYU85K1d6dEtadGZDQ05QanN2RkI1RUNVejVIczFhamZPVEhEOUZmN1lSZ1BFbEtBTApYYlRaeGZicUo5TVh6YXNFY0tJS0ExcmFUejlhVlBSeWtYVXR2ZHdHWEMvNXorMVloMU5weGV2YUxkNG1mb3pHCndxSFdYY2p0YUJSL3ZJb05LZG0xTmdIaCtSMnpkeCs3NGdsVWlHUzRJT3BMdm5PamFkblB3K0VieUhZVTZMV0wKMDZOdEI0andPYVQraTd6blFmSzFiSVU0cS82R1Rqd0s1d1V3U1NqU3Q1QkFYbitlY3B6THlMeXl2Qm9sSGIzcQo5TEx5NWJLbkNyTE5pd0tDQVFFQStGNjZSVkRzbWpQZ0lIMThJbmtwVy9PVkE1ZmlxN0llOEdGZWRIZnpHWlErCkNVRm9QcytWZkFmMjBVYm1Xa2g1NjF4a21nVGlJRU1RaytHVFhLTTMxVUYyR08xM2FCUnkwT0RWZEpNZzUrdHcKeUhiZE83TC9ySEFVTFRTcFp3N0hTM3RkVXROQ0lMbmcwcXpJK1FjeG5KZC9iYWh3YnhiRGNVVldjWWFFUldMcAp1dlJWeHY4T09ZREdqZWZ2MXVvSVRkTlBzbmZjYUFPcndnM3hSVzg5QWxWcFYwenhzOW95MFpQYlZBSXk3ZUduCmt2bUpGT2JkT2hkUkZCSGJLM0htY1gvSnlPT0ZabWxZUThGeWNqaS9pbzFaOUZNVW5mYlVCOVk3V3RxRUtQWHcKa1Rwb2grZDBpc1hxV0ZFUGQzeDJCNXZuc0ZmZzAxTGNQME44R09ORmt3S0NBUUVBckFXcDZKcll6emdMVThWcwpwcEpjYzhWcHBhL0Y2ZHBPTDVjZzBHSFMrN3R4RXZKMjZZZmlZcmZFaDRTNkFobW1zMFJvcEZ4UU4zdFkrZWNyCmRWNE9YcUJrenpaandIdUlaeW5LNlFoSXlFSVZxRlpXV1FEWDh1RGxqWWV3L2ZLc1FnMnJVem1wNG44dTFOZE4KNndCcHA5YjJCcENESldGWjZVWnBiN3B6TDA5MmlKVFN6WWVqK01LMEErWUdSTVltSENkTlA5MGgrdmU3WHhaVgpZUnFwQUpOeWJ2Si9XOXVaallSSEZYNCtTcHNSdE9SdVVSUWl5RVBFS2dnYm1pT1dpYXNhUVRqRGhuL0tGMVY0Clc5dVRkbVRUNzc1dEhOR0g4S2lmaWZqN1J1bnEra292bXV6UmIzTERXa0plVDVGZG54dUV3YlVHeEVLMFdZOXgKYVZlY2N3S0NBUUJhU1pWTlBXM0ZZTFpKR1ZUVzgxU2xxSmF6QjdQTzFxR0lvTnpGV2hWMVp2NW1QdkMyWkovaQp4c0ppc1hOcnZvMFRrakxBQ3FacE0vZ0N5aTNYcnozTXVFOUdJSTBYdU5kRU4zZGhPVnJzOUJtN3hmb0dpYnVICjQvWnh1SU1jZzdMUExibHZNbjBIaUlyQ0N5M0QyV21ma3pNdm1kdkZobkRsN0Y3UVJpWXZVeFhFY0szOStSb2kKclQyQXVKL25jSXcwUG16cVk4Z3J4Nm5Za1ZqejlNd28zUU8rU0twVXh5MVNJbjNJdkVQblZmQ2s3VEYzOTdUVQpPVVd3RmcybWJYRm9NUndaZXh3emJuZzNxVXNCV3IvR2pqdjFKWDZKTGdGR0dBcmJyRFArNytqVDRuZTliOVpkCjNEU2tobE1wRElXYm5vRkxDYWNoS3k0RmtYSzdXV01oQW9JQkFRREE0VVRqMHNHakNRbmJmVFlGeVFuTmVoeDUKUkxSVVFYTmVOMEZad1BIYk5UYlcyZG4zT014RDFuTDdHWnoxcWlMLzgwWW9yclQ5TGxDenE4YVhiZGVwWTJtbgpXMzRpL29XNythU1hvS1M3VHV5Y1c1c0psNGp0RjEzNFVKNm9yQ1g5MmJRaXZKTExweDN1UlZMNjh0TGtkNEtQCkVCZE9zcENnZ2owQVdQTWRNWmlaK09xcmwwVWgvNCszYmhJeUdkSTh2LytmaXVSY29aREhKZFNNdEFkdVl0VGsKeE93M3N5MDc5MUFNRDEzbmNhMVJ3a0tPOG9hWlR4ZXFyQ25EeHpUam1WNHVBbGo3OG5QWEE0U2FRd0dnbnd6dgpMTkZmUmhOYXZYU1VyL3NwdWFaekpPMVcvSEYwNzdMbG9aaU5VYkVOVHJscHJ0SmVTUHArRGZhVEttYWcKLS0tLS1FTkQgUlNBIFBSSVZBVEUgS0VZLS0tLS0K\n    token: g0qp3pqw1waxcihxgatcdq9ubqa3l8kawuv3qd36r49vs55lncc56cry0oa1rhg4p7ll9n6as8qwj1ctrsy2c40tpxwgcnse7an40yrvycuxrkm2t33d25ioshp8z8ul\n",
      "type": "string",
      "sensitive": true
    },
    "log_analytics_workspace_id": {
      "value": "/subscriptions/cf8381bd-cf5d-4057-8b9a-38a3705994b4/resourceGroups/ics-dev-aks-rg/providers/Microsoft.OperationalInsights/workspaces/ics-dev-aks-cluster-workspace",
      "type": "string"
    },
    "resource_group_name": {
      "value": "ics-dev-aks-rg",
      "type": "string"
    }
  },
  "resources": [
    {
      "mode": "data",
      "type": "azurerm_container_registry",
      "name": "existing",
      "provider": "provider[\"registry.terraform.io/hashicorp/azurerm\"]",
      "instances": [
        {
          "schema_version": 0,
          "attributes": {
            "admin_enabled": false,
            "admin_password": null,
            "admin_username": null,
            "data_endpoint_enabled": false,
            "id": "/subscriptions/cf8381bd-cf5d-4057-8b9a-38a3705994b4/resourceGroups/ics-containers/providers/Microsoft.ContainerRegistry/registries/incora",
            "location": "southcentralus",
            "login_server": "incora.azurecr.io",
            "name": "incora",
            "resource_group_name": "ics-containers",
            "sku": "Basic",
            "tags": {
              "container.registry": "incora",
              "displayName": "Container Registry"
            },
            "timeouts": null
          },
          "sensitive_attributes": []
        }
      ]
    },
    {
      "module": "module.aks",
      "mode": "managed",
      "type": "azurerm_kubernetes_cluster",
      "name": "aks",
      "provider": "provider[\"registry.terraform.io/hashicorp/azurerm\"]",
      "instances": [
        {
          "schema_version": 2,
          "attributes": {
            "aci_connector_linux": [],
            "api_server_access_profile": [],
            "auto_scaler_profile": [],
            "automatic_upgrade_channel": "",
            "azure_active_directory_role_based_access_control": [],
            "azure_policy_enabled": false,
            "confidential_computing": [],
            "cost_analysis_enabled": false,
            "current_kubernetes_version": "1.31.7",
            "default_node_pool": [
              {
                "auto_scaling_enabled": false,
                "capacity_reservation_group_id": "",
                "fips_enabled": false,
                "gpu_instance": "",
                "host_encryption_enabled": false,
                "host_group_id": "",
                "kubelet_config": [],
                "kubelet_disk_type": "OS",
                "linux_os_config": [],
                "max_count": 0,
                "max_pods": 30,
                "min_count": 0,
                "name": "icsdevpool01",
                "node_count": 3,
                "node_labels": {},
                "node_network_profile": [],
                "node_public_ip_enabled": false,
                "node_public_ip_prefix_id": "",
                "only_critical_addons_enabled": false,
                "orchestrator_version": "1.31.7",
                "os_disk_size_gb": 128,
                "os_disk_type": "Managed",
                "os_sku": "Ubuntu",
                "pod_subnet_id": "",
                "proximity_placement_group_id": "",
                "scale_down_mode": "Delete",
                "snapshot_id": "",
                "tags": {},
                "temporary_name_for_rotation": "",
                "type": "VirtualMachineScaleSets",
                "ultra_ssd_enabled": false,
                "upgrade_settings": [
                  {
                    "drain_timeout_in_minutes": 0,
                    "max_surge": "10%",
                    "node_soak_duration_in_minutes": 0
                  }
                ],
                "vm_size": "Standard_DS2_v2",
                "vnet_subnet_id": "/subscriptions/cf8381bd-cf5d-4057-8b9a-38a3705994b4/resourceGroups/ics-dev-aks-rg/providers/Microsoft.Network/virtualNetworks/ics-dev-aks-cluster-vnet/subnets/ics-dev-aks-cluster-subnet",
                "workload_runtime": "",
                "zones": []
              }
            ],
            "disk_encryption_set_id": "",
            "dns_prefix": "ics-dev-aks-cluster",
            "dns_prefix_private_cluster": "",
            "edge_zone": "",
            "fqdn": "ics-dev-aks-cluster-5pn1j1vw.hcp.centralus.azmk8s.io",
            "http_application_routing_enabled": false,
            "http_application_routing_zone_name": "",
            "http_proxy_config": [],
            "id": "/subscriptions/cf8381bd-cf5d-4057-8b9a-38a3705994b4/resourceGroups/ics-dev-aks-rg/providers/Microsoft.ContainerService/managedClusters/ics-dev-aks-cluster",
            "identity": [
              {
                "identity_ids": [],
                "principal_id": "5c3aacca-9b8b-4d18-abe6-1f1161d81ad7",
                "tenant_id": "c7354023-f985-41a6-966e-da42877461b4",
                "type": "SystemAssigned"
              }
            ],
            "image_cleaner_enabled": null,
            "image_cleaner_interval_hours": null,
            "ingress_application_gateway": [
              {
                "effective_gateway_id": "/subscriptions/cf8381bd-cf5d-4057-8b9a-38a3705994b4/resourceGroups/ics-dev-aks-rg/providers/Microsoft.Network/applicationGateways/ics-dev-aks-cluster-appgw",
                "gateway_id": "/subscriptions/cf8381bd-cf5d-4057-8b9a-38a3705994b4/resourceGroups/ics-dev-aks-rg/providers/Microsoft.Network/applicationGateways/ics-dev-aks-cluster-appgw",
                "gateway_name": "",
                "ingress_application_gateway_identity": [
                  {
                    "client_id": "cd73eb78-a289-42ee-9042-f53d7d56785a",
                    "object_id": "69ba3758-d25a-4ea7-8f96-96761502d334",
                    "user_assigned_identity_id": "/subscriptions/cf8381bd-cf5d-4057-8b9a-38a3705994b4/resourcegroups/ics-dev-aks-mrg/providers/Microsoft.ManagedIdentity/userAssignedIdentities/ingressapplicationgateway-ics-dev-aks-cluster"
                  }
                ],
                "subnet_cidr": "",
                "subnet_id": ""
              }
            ],
            "key_management_service": [],
            "key_vault_secrets_provider": [
              {
                "secret_identity": [
                  {
                    "client_id": "89a8c36e-d727-49f2-9d3e-7e7c4c853b7b",
                    "object_id": "2c2f18b8-ffd8-44c2-a30d-e492fe913abe",
                    "user_assigned_identity_id": "/subscriptions/cf8381bd-cf5d-4057-8b9a-38a3705994b4/resourcegroups/ics-dev-aks-mrg/providers/Microsoft.ManagedIdentity/userAssignedIdentities/azurekeyvaultsecretsprovider-ics-dev-aks-cluster"
                  }
                ],
                "secret_rotation_enabled": true,
                "secret_rotation_interval": "30m"
              }
            ],
            "kube_admin_config": [],
            "kube_admin_config_raw": "",
            "kube_config": [
              {
                "client_certificate": "LS0tLS1CRUdJTiBDRVJUSUZJQ0FURS0tLS0tCk1JSUZIVENDQXdXZ0F3SUJBZ0lRREREbUtmVkRFRnRhamh2L0hkakh3REFOQmdrcWhraUc5dzBCQVFzRkFEQU4KTVFzd0NRWURWUVFERXdKallUQWVGdzB5TlRBME1UY3lNakUwTkROYUZ3MHlOekEwTVRjeU1qSTBORE5hTURBeApGekFWQmdOVkJBb1REbk41YzNSbGJUcHRZWE4wWlhKek1SVXdFd1lEVlFRREV3eHRZWE4wWlhKamJHbGxiblF3CmdnSWlNQTBHQ1NxR1NJYjNEUUVCQVFVQUE0SUNEd0F3Z2dJS0FvSUNBUUM5KzBFZ1Y2UDJZNzVmM29sLzdxWlUKTjJkMysxN2NEbS9JL0EvdTNLTW1hNEw4UHpsSW4zeTlkQ1V4cHQ0Z3Jla2tFS0xsZURqZzljb3pzZlVWZWc5TAphUHJLR004TEZQQWo1Z29vMkNPRDRKSWNJM2dKZ0o1dUhkQ2RuTGJ2dkZaVi9JQWJIZEcxRVZJZTJOT2UxNjQ4CnZNWjNrS2kzc1JCRm9jUHRvTUh1Z1ViQXc0eFVTcHJOQllYU1RsQVFWbWkyTTFiRGlFU0dzWmdDdVJMenVoR0wKM25Hck02b1pIYklIaW1FRldqWGdYS0ovNFhNNkdLenlMVkxYS1BWcnJMcENOdzd3djNNMXVPUlFMaWxMZXZ6dApZL0RnSEFRM1JNcjdoUThhR1FvRjZ5WERvcXlDRk01QW9wSVNRUWt3aDZjLzhCWUdRbzY2Rk8wNlZiN2VzeEUxCmM1b3JlWjBvUVhock0xTzFpYzVnM1lUcTYzRm50SmlQbTV0eGpkQkN2TjdTcG82UW95U2cwNy9IY3BONWlvNUIKZGhBNnoyT0JRd01ScFRKOXIrU0M0c1UzMkpvTnJQdEsrQWdRaU9EdDJ0aGM0czZmWlQweCt0ejl4dVg4cXd5cgp2Y1pZcWo3TC9xRDFuSTV3a3ZIQitvLzdWVHlIQWVyOVppSDZGQXExT1h5UFV1KzZ3SHJMd241OE1tT0g0aEpGCndpaG50V3JDQUxCNnRPdFJoc2JIekdhOVgwR1FpQXNCalpjTXNlQ1UrV2NURytiN0U3MUxzNHlvUG4xVmFLWnoKYitDWEtVYnh1dHViTHRaTU9aMWN1T1N6QVlDTU9rS1VFOVJBM0tsbHN1d0pDRkpuQjJpYXZsd1lpUko4WDZYaAphQUFQQzAveW00WjV4OHZ5b0ZOOTBRSURBUUFCbzFZd1ZEQU9CZ05WSFE4QkFmOEVCQU1DQmFBd0V3WURWUjBsCkJBd3dDZ1lJS3dZQkJRVUhBd0l3REFZRFZSMFRBUUgvQkFJd0FEQWZCZ05WSFNNRUdEQVdnQlRPdUI0d1BjbEEKNWk1Vno5QUVCMXZtR1QyRTBqQU5CZ2txaGtpRzl3MEJBUXNGQUFPQ0FnRUFNa2VuNE5oc2F3dm12ZXpETWQydgpmUHVtaFZwdWFHZTRzc1NvWjRPeGo2THJ3dkFnMHQ4MllpUjEwSUpZVFRhT3pJZFUrc2YrZWpBS1FEZW1QbXo3CjVMY01EaEhLZk1aYlgxR3dHWnMvdDQwNjJBYVk5azNLOHZSenFGbXMrYmVQVHZvdlduV0pIa1V1ZXphdDlYb2IKYlU2dGpHc1Ura3diSDN5NjhlaGdiendXRXk3eUN6OEZZN2ZsWWY4R0lsMlpkcjNDSzdIdWl5TkVPNHo2aDJyaQpGeHAwa2VNODNyNFZKYk9uZnJtRGxGOEZ5Slk4UC9IVEExZk41QzFlcEdPb05tTXMzVUV4WUIvY0hQbHQyM1JoCjNiQm1JMmJKcjExaEppSEVDTWdNMVV4SEU5L1IyMjUzVkh1bC9WS2l0bDZLOWwyR3pHc2ZWdjJUTTlUeHFuUDgKWXlmWVJUc0REUVdvUFNueGhtNWtud0FqaDNhbEdmcFRUdWRCVzZTWFgrZDNyMmtlYVdJU2ZHcmlXZDczcVlQTQoyR3FhWU01SCtidTdjcFJ0Zk95Y2VlbWRoZnVwUjdUTTk5VkRaMW9ob0lrUjl0WUVGcGV4bzlGb21sUXc4aXRzClRveFkxclJPZ21KNTIydlRGQjZhYnBtTFA3cGhkUVZGVVcxTzREMzI5NnZrUStmbXBOWXNYVWFpV3hMeHkzQlYKc3NLVjQ1RXhsODROd0g2VTRNTkJOa3d3djVKRzRLazM3aWZrSzNvbUgxR2FKeWZZUENYeGd2azR0dFNmUjNwYwpqVDZ6L21xdGFNcEN6bFBOdXFmNWwzVktFQUU1bW5MNFQvZURsMm5wK0RxYjJoN0dRYnNVM1hSc3M0MWczMVMxCmlvUEZ4U2tzblU0TCt3eE8yZEFaY0djPQotLS0tLUVORCBDRVJUSUZJQ0FURS0tLS0tCg==",
                "client_key": "LS0tLS1CRUdJTiBSU0EgUFJJVkFURSBLRVktLS0tLQpNSUlKS1FJQkFBS0NBZ0VBdmZ0QklGZWo5bU8rWDk2SmYrNm1WRGRuZC90ZTNBNXZ5UHdQN3R5akptdUMvRDg1ClNKOTh2WFFsTWFiZUlLM3BKQkNpNVhnNDRQWEtNN0gxRlhvUFMyajZ5aGpQQ3hUd0krWUtLTmdqZytDU0hDTjQKQ1lDZWJoM1FuWnkyNzd4V1ZmeUFHeDNSdFJGU0h0alRudGV1UEx6R2Q1Q290N0VRUmFIRDdhREI3b0ZHd01PTQpWRXFhelFXRjBrNVFFRlpvdGpOV3c0aEVockdZQXJrUzg3b1JpOTV4cXpPcUdSMnlCNHBoQlZvMTRGeWlmK0Z6Ck9oaXM4aTFTMXlqMWE2eTZRamNPOEw5ek5iamtVQzRwUzNyODdXUHc0QndFTjBUSys0VVBHaGtLQmVzbHc2S3MKZ2hUT1FLS1NFa0VKTUllblAvQVdCa0tPdWhUdE9sVyszck1STlhPYUszbWRLRUY0YXpOVHRZbk9ZTjJFNnV0eApaN1NZajV1YmNZM1FRcnplMHFhT2tLTWtvTk8veDNLVGVZcU9RWFlRT3M5amdVTURFYVV5ZmEva2d1TEZOOWlhCkRhejdTdmdJRUlqZzdkcllYT0xPbjJVOU1mcmMvY2JsL0tzTXE3M0dXS28reS82ZzlaeU9jSkx4d2ZxUCsxVTgKaHdIcS9XWWgraFFLdFRsOGoxTHZ1c0I2eThKK2ZESmpoK0lTUmNJb1o3VnF3Z0N3ZXJUclVZYkd4OHhtdlY5QgprSWdMQVkyWERMSGdsUGxuRXh2bSt4TzlTN09NcUQ1OVZXaW1jMi9nbHlsRzhicmJteTdXVERtZFhMamtzd0dBCmpEcENsQlBVUU55cFpiTHNDUWhTWndkb21yNWNHSWtTZkYrbDRXZ0FEd3RQOHB1R2VjZkw4cUJUZmRFQ0F3RUEKQVFLQ0FnQU5yM2pNaktPcUR4dGFxcHc3RkFUMVVoeG8vem1oSG9VYzlGTnRnSVZjTWloNFpWR0tFcnNZcHJJNwpObXNQN1pjNjJ0dnhMY3pqSDdHV01iNlc4bmtCbEtsa1A0OUNuQnFFYTREVjJtUU1qdlBYaFJLVGxLbFZBMTdRCnk4WTkxTkpmVlZZaEhlL0tYRm9QRU0yRnhzR3RiR2ZibXhjY1RHd0FxQnVHRmF1Q3M5dFY3WUJCWGpKeWpIQk0KYXduSGM0SU5oZnM5RUtibkVRb0RRRFBHVE9RUXNGQjk1YlhlSTA1OHpwSVlvWnY1OHBKZUplNTRBK2tKZFF4ZgpwWHF3YS92cTR5NTNWME5FWG5KTCtGZFBNYWZncmU5ZkpZV0VPYmRwa1BjNmlRMDR5ZXlwZ0NGdktYS0dJMi9rClVyMEh1dTNvWkRJaDkwOXl4aWtrcDZLZFJrYjU4NzkzOTFVNHkvVkdxYTJyWVkxRlhCU0loamVWVTdBVHBqd1MKTFZ6eGU4bTVId0ozNEhWakpHUHdlREpLaUhGbmYyd3l6UFZHcjgxV1RnR2RFZC9iOUZ6ZTJwYTgzRk91LzliUwpVSHc3dnBOY2tpSjhMeXRhT2xJOUNqNlZOckVGdm5iTzBnOTRxR0YxOE4xTEVsbndmR3lvSzNCYVNVZVVCVWtrClM2c01LdXp3R1Uxak1tK1B4TmdSN1JURTZJWG1IT0JhbTVBRHJxV1JyS09SZG1jbTk2MkVCR0hwN0ZRekNBTWkKSTZvZUxDVGRQMU9hR0F0M29RTUpZTmpkYituNzRNZHN6R3BCSHVaSGNDSFhERGYraEhZZHRtY2dML0xjTTZVagpFNk1EUlMrWGVoK2Roc1NxdWNQclRPWTBtUi9xMlNMZnNHdHMrcFZ0TlZlem42ZkJkUUtDQVFFQXc5RldlMUxKCmpYUExZMG8xd2k0U0VqOTUzdk5vL0Q1Z1JwbFR0bTQ2QkM1L0dlOCtyc1VZc2JwNnlJUnhOQkpnYWVtUCtrSmoKcFZNUENnM2pXNXdUa1ZqYU85K1d6dEtadGZDQ05QanN2RkI1RUNVejVIczFhamZPVEhEOUZmN1lSZ1BFbEtBTApYYlRaeGZicUo5TVh6YXNFY0tJS0ExcmFUejlhVlBSeWtYVXR2ZHdHWEMvNXorMVloMU5weGV2YUxkNG1mb3pHCndxSFdYY2p0YUJSL3ZJb05LZG0xTmdIaCtSMnpkeCs3NGdsVWlHUzRJT3BMdm5PamFkblB3K0VieUhZVTZMV0wKMDZOdEI0andPYVQraTd6blFmSzFiSVU0cS82R1Rqd0s1d1V3U1NqU3Q1QkFYbitlY3B6THlMeXl2Qm9sSGIzcQo5TEx5NWJLbkNyTE5pd0tDQVFFQStGNjZSVkRzbWpQZ0lIMThJbmtwVy9PVkE1ZmlxN0llOEdGZWRIZnpHWlErCkNVRm9QcytWZkFmMjBVYm1Xa2g1NjF4a21nVGlJRU1RaytHVFhLTTMxVUYyR08xM2FCUnkwT0RWZEpNZzUrdHcKeUhiZE83TC9ySEFVTFRTcFp3N0hTM3RkVXROQ0lMbmcwcXpJK1FjeG5KZC9iYWh3YnhiRGNVVldjWWFFUldMcAp1dlJWeHY4T09ZREdqZWZ2MXVvSVRkTlBzbmZjYUFPcndnM3hSVzg5QWxWcFYwenhzOW95MFpQYlZBSXk3ZUduCmt2bUpGT2JkT2hkUkZCSGJLM0htY1gvSnlPT0ZabWxZUThGeWNqaS9pbzFaOUZNVW5mYlVCOVk3V3RxRUtQWHcKa1Rwb2grZDBpc1hxV0ZFUGQzeDJCNXZuc0ZmZzAxTGNQME44R09ORmt3S0NBUUVBckFXcDZKcll6emdMVThWcwpwcEpjYzhWcHBhL0Y2ZHBPTDVjZzBHSFMrN3R4RXZKMjZZZmlZcmZFaDRTNkFobW1zMFJvcEZ4UU4zdFkrZWNyCmRWNE9YcUJrenpaandIdUlaeW5LNlFoSXlFSVZxRlpXV1FEWDh1RGxqWWV3L2ZLc1FnMnJVem1wNG44dTFOZE4KNndCcHA5YjJCcENESldGWjZVWnBiN3B6TDA5MmlKVFN6WWVqK01LMEErWUdSTVltSENkTlA5MGgrdmU3WHhaVgpZUnFwQUpOeWJ2Si9XOXVaallSSEZYNCtTcHNSdE9SdVVSUWl5RVBFS2dnYm1pT1dpYXNhUVRqRGhuL0tGMVY0Clc5dVRkbVRUNzc1dEhOR0g4S2lmaWZqN1J1bnEra292bXV6UmIzTERXa0plVDVGZG54dUV3YlVHeEVLMFdZOXgKYVZlY2N3S0NBUUJhU1pWTlBXM0ZZTFpKR1ZUVzgxU2xxSmF6QjdQTzFxR0lvTnpGV2hWMVp2NW1QdkMyWkovaQp4c0ppc1hOcnZvMFRrakxBQ3FacE0vZ0N5aTNYcnozTXVFOUdJSTBYdU5kRU4zZGhPVnJzOUJtN3hmb0dpYnVICjQvWnh1SU1jZzdMUExibHZNbjBIaUlyQ0N5M0QyV21ma3pNdm1kdkZobkRsN0Y3UVJpWXZVeFhFY0szOStSb2kKclQyQXVKL25jSXcwUG16cVk4Z3J4Nm5Za1ZqejlNd28zUU8rU0twVXh5MVNJbjNJdkVQblZmQ2s3VEYzOTdUVQpPVVd3RmcybWJYRm9NUndaZXh3emJuZzNxVXNCV3IvR2pqdjFKWDZKTGdGR0dBcmJyRFArNytqVDRuZTliOVpkCjNEU2tobE1wRElXYm5vRkxDYWNoS3k0RmtYSzdXV01oQW9JQkFRREE0VVRqMHNHakNRbmJmVFlGeVFuTmVoeDUKUkxSVVFYTmVOMEZad1BIYk5UYlcyZG4zT014RDFuTDdHWnoxcWlMLzgwWW9yclQ5TGxDenE4YVhiZGVwWTJtbgpXMzRpL29XNythU1hvS1M3VHV5Y1c1c0psNGp0RjEzNFVKNm9yQ1g5MmJRaXZKTExweDN1UlZMNjh0TGtkNEtQCkVCZE9zcENnZ2owQVdQTWRNWmlaK09xcmwwVWgvNCszYmhJeUdkSTh2LytmaXVSY29aREhKZFNNdEFkdVl0VGsKeE93M3N5MDc5MUFNRDEzbmNhMVJ3a0tPOG9hWlR4ZXFyQ25EeHpUam1WNHVBbGo3OG5QWEE0U2FRd0dnbnd6dgpMTkZmUmhOYXZYU1VyL3NwdWFaekpPMVcvSEYwNzdMbG9aaU5VYkVOVHJscHJ0SmVTUHArRGZhVEttYWcKLS0tLS1FTkQgUlNBIFBSSVZBVEUgS0VZLS0tLS0K",
                "cluster_ca_certificate": "LS0tLS1CRUdJTiBDRVJUSUZJQ0FURS0tLS0tCk1JSUU2RENDQXRDZ0F3SUJBZ0lRZHgrMGJLQXFpQVpZdVZabjQ0TDZzekFOQmdrcWhraUc5dzBCQVFzRkFEQU4KTVFzd0NRWURWUVFERXdKallUQWdGdzB5TlRBME1UY3lNakUwTkROYUdBOHlNRFUxTURReE56SXlNalEwTTFvdwpEVEVMTUFrR0ExVUVBeE1DWTJFd2dnSWlNQTBHQ1NxR1NJYjNEUUVCQVFVQUE0SUNEd0F3Z2dJS0FvSUNBUUNmCmsyQXVqTkFRS3U5MnRiT3FDMTg3cXFTcFdCK3ZEcCtMelJkYTZqZjJERCtidWlxamNwSncxM2JmVUwvei8vN3gKVUZOL3RPY0lKNHJTVS80QUh0WHIyclpUYStsN29GK3B0dStqaVNQR3BZVHI4YlkyOXQwRzhSbkpjSTNPZk5vZQp5YVkzL1FYdyt5NEY0VDdpMGJIVTNKdHQzaXZzMVlVT005K1NNWVFhOVNTNk5pRnJXZTgvN2lwd0NsV0JzeStkCldJNUZwQnlCNjg3dEc2NkU0aGZ4WVZIOVBiNlVGZFlNU29NSG5xU3NBb0wyK0dGYStkQTNocENSZWtMeWR4YWkKZ3h4Mk94UjhjSXZFMmQzdTVNbnpKbkFUZU5wM0Y3Y01mV0E0Z0d0cEx4bzgrK0ZXSnYyWkpZVGw2TFNBTSsyOApqTmcyckZpUGhpTXFLdG5nek5pbU5zelFoU1A1bkxOQ1hZS2RFSlZleVdjb0ZKRzFNM1NjUkk3bEZTWktpU3p2CjlHQ2NRQUIvUTZuc2JBUUs5UktLN2IxN1dINjhJcTFyS2VoYlJGRTd2RmdxeXBDeDFTa2ZNY2U0ZTFmWnI4a2YKck94eUwwRk9kQXBaSEJIa1E3MnpUTk5NTWxsUnVxT2xpQnNTemlVNnRFeE1QTHNZTjljS1c4aWYyRjl1Q2RWSQpoTDFid2hMaTlzaFRqcW04cDM0dHN6OG1QOXpjUEczYUF6NnBOTnhXc2ZXU0RzNE0yU0FFQTFnTWZEaGJ6dmRSClFrNHlPR2wyY2RWbVJuTzlLTEhaM0JKbHNPN3dpNnJCcnJxZmlPOWxORjA1b3IyWjVBNzl6ODh6a3NySjlyK2wKZHlWTDhaUmxUN0xwZDdwekpNRGsyNTVmbjZDQlExTmUvYitSMmlWNUx3SURBUUFCbzBJd1FEQU9CZ05WSFE4QgpBZjhFQkFNQ0FxUXdEd1lEVlIwVEFRSC9CQVV3QXdFQi96QWRCZ05WSFE0RUZnUVV6cmdlTUQzSlFPWXVWYy9RCkJBZGI1aGs5aE5Jd0RRWUpLb1pJaHZjTkFRRUxCUUFEZ2dJQkFEOUxIT1JKU0hPTDVCYlkvSHl1THN2dHhiSzQKb0RCMEQ2aHFiVCtCTGRESkQzQk1CT1VLQndSM3hwVXR3b1AvWFJxdWtESmU1WFJtRGZCY1hTd2tMRG1wQzdoMQo3STU0aFRidWljS3lnQWd2TmRrZHFzL2Q2N1RCRlM4bm9QYW5VbG1KQ01OaUpjdDNMNFpWa1YwbkhhNjFDR1NoCjlBN0d1cTd0QzZmWlFFNzlUR2E2cHNmQm40RFNOOXVYNVluVmRMdWVsbHFXTFVVaFVYanpzYVQ1U1d3eUx4Q1gKRFFraFRtRmthNlV5ckRjNzJHQThtSXdxRnZNOWxySWgvaklHMVEzN3FtUEFFc01Fd0trWENQaXFILzFQNmJHVQpnUkhxY0RnU3RXcFlYOHl1M3JuWVo3ck1uSW84V0lXbm00SnNKc1UxRGVGUmhpRFZLR25OYXJPcWFSbFl2NURaCjZTZm1xYzJTTkZOU3BFYlJmV1ppbTNtNC9PdDUrVDQrc3puWTV2b3lmeWVGWkduNHhpVkxpZHNzcEJuTnpFd1AKT293eFR4ZUtaTzNhWEdOWmtUOGU3QW9hSmNVVUM0SHFSdXR1VGxMR1J3dldYWFhTeGlFNW5uTHJBeXJrQkZNUQpxdEVuTkJ6Sk1NenNhampNU1Q1MDEyUWtnSDkwR0FLRGJUNSswcXRBSDdZU240RXR2SHdudzRycGl0aS9vYytFClpwY01MamxRVUIxK2NlbE5jcmo5WFkxRlpYTFQ3dW43alFqK2JyZ2d0di9WTkhpSTZGc1JNSmlJVExvV3d2QVAKTVFiTnZCSEZjVVIyZXFGRW90cHRYZlcwak1MdUhZZFcvQlZsY2pxTnZIdHZFSkdwM2NxUXJkUnJGSDM0WS81cgpVdERJNTNLYkpzN05wT0E4Ci0tLS0tRU5EIENFUlRJRklDQVRFLS0tLS0K",
                "host": "https://ics-dev-aks-cluster-5pn1j1vw.hcp.centralus.azmk8s.io:443",
                "password": "g0qp3pqw1waxcihxgatcdq9ubqa3l8kawuv3qd36r49vs55lncc56cry0oa1rhg4p7ll9n6as8qwj1ctrsy2c40tpxwgcnse7an40yrvycuxrkm2t33d25ioshp8z8ul",
                "username": "clusterUser_ics-dev-aks-rg_ics-dev-aks-cluster"
              }
            ],
            "kube_config_raw": "apiVersion: v1\nclusters:\n- cluster:\n    certificate-authority-data: LS0tLS1CRUdJTiBDRVJUSUZJQ0FURS0tLS0tCk1JSUU2RENDQXRDZ0F3SUJBZ0lRZHgrMGJLQXFpQVpZdVZabjQ0TDZzekFOQmdrcWhraUc5dzBCQVFzRkFEQU4KTVFzd0NRWURWUVFERXdKallUQWdGdzB5TlRBME1UY3lNakUwTkROYUdBOHlNRFUxTURReE56SXlNalEwTTFvdwpEVEVMTUFrR0ExVUVBeE1DWTJFd2dnSWlNQTBHQ1NxR1NJYjNEUUVCQVFVQUE0SUNEd0F3Z2dJS0FvSUNBUUNmCmsyQXVqTkFRS3U5MnRiT3FDMTg3cXFTcFdCK3ZEcCtMelJkYTZqZjJERCtidWlxamNwSncxM2JmVUwvei8vN3gKVUZOL3RPY0lKNHJTVS80QUh0WHIyclpUYStsN29GK3B0dStqaVNQR3BZVHI4YlkyOXQwRzhSbkpjSTNPZk5vZQp5YVkzL1FYdyt5NEY0VDdpMGJIVTNKdHQzaXZzMVlVT005K1NNWVFhOVNTNk5pRnJXZTgvN2lwd0NsV0JzeStkCldJNUZwQnlCNjg3dEc2NkU0aGZ4WVZIOVBiNlVGZFlNU29NSG5xU3NBb0wyK0dGYStkQTNocENSZWtMeWR4YWkKZ3h4Mk94UjhjSXZFMmQzdTVNbnpKbkFUZU5wM0Y3Y01mV0E0Z0d0cEx4bzgrK0ZXSnYyWkpZVGw2TFNBTSsyOApqTmcyckZpUGhpTXFLdG5nek5pbU5zelFoU1A1bkxOQ1hZS2RFSlZleVdjb0ZKRzFNM1NjUkk3bEZTWktpU3p2CjlHQ2NRQUIvUTZuc2JBUUs5UktLN2IxN1dINjhJcTFyS2VoYlJGRTd2RmdxeXBDeDFTa2ZNY2U0ZTFmWnI4a2YKck94eUwwRk9kQXBaSEJIa1E3MnpUTk5NTWxsUnVxT2xpQnNTemlVNnRFeE1QTHNZTjljS1c4aWYyRjl1Q2RWSQpoTDFid2hMaTlzaFRqcW04cDM0dHN6OG1QOXpjUEczYUF6NnBOTnhXc2ZXU0RzNE0yU0FFQTFnTWZEaGJ6dmRSClFrNHlPR2wyY2RWbVJuTzlLTEhaM0JKbHNPN3dpNnJCcnJxZmlPOWxORjA1b3IyWjVBNzl6ODh6a3NySjlyK2wKZHlWTDhaUmxUN0xwZDdwekpNRGsyNTVmbjZDQlExTmUvYitSMmlWNUx3SURBUUFCbzBJd1FEQU9CZ05WSFE4QgpBZjhFQkFNQ0FxUXdEd1lEVlIwVEFRSC9CQVV3QXdFQi96QWRCZ05WSFE0RUZnUVV6cmdlTUQzSlFPWXVWYy9RCkJBZGI1aGs5aE5Jd0RRWUpLb1pJaHZjTkFRRUxCUUFEZ2dJQkFEOUxIT1JKU0hPTDVCYlkvSHl1THN2dHhiSzQKb0RCMEQ2aHFiVCtCTGRESkQzQk1CT1VLQndSM3hwVXR3b1AvWFJxdWtESmU1WFJtRGZCY1hTd2tMRG1wQzdoMQo3STU0aFRidWljS3lnQWd2TmRrZHFzL2Q2N1RCRlM4bm9QYW5VbG1KQ01OaUpjdDNMNFpWa1YwbkhhNjFDR1NoCjlBN0d1cTd0QzZmWlFFNzlUR2E2cHNmQm40RFNOOXVYNVluVmRMdWVsbHFXTFVVaFVYanpzYVQ1U1d3eUx4Q1gKRFFraFRtRmthNlV5ckRjNzJHQThtSXdxRnZNOWxySWgvaklHMVEzN3FtUEFFc01Fd0trWENQaXFILzFQNmJHVQpnUkhxY0RnU3RXcFlYOHl1M3JuWVo3ck1uSW84V0lXbm00SnNKc1UxRGVGUmhpRFZLR25OYXJPcWFSbFl2NURaCjZTZm1xYzJTTkZOU3BFYlJmV1ppbTNtNC9PdDUrVDQrc3puWTV2b3lmeWVGWkduNHhpVkxpZHNzcEJuTnpFd1AKT293eFR4ZUtaTzNhWEdOWmtUOGU3QW9hSmNVVUM0SHFSdXR1VGxMR1J3dldYWFhTeGlFNW5uTHJBeXJrQkZNUQpxdEVuTkJ6Sk1NenNhampNU1Q1MDEyUWtnSDkwR0FLRGJUNSswcXRBSDdZU240RXR2SHdudzRycGl0aS9vYytFClpwY01MamxRVUIxK2NlbE5jcmo5WFkxRlpYTFQ3dW43alFqK2JyZ2d0di9WTkhpSTZGc1JNSmlJVExvV3d2QVAKTVFiTnZCSEZjVVIyZXFGRW90cHRYZlcwak1MdUhZZFcvQlZsY2pxTnZIdHZFSkdwM2NxUXJkUnJGSDM0WS81cgpVdERJNTNLYkpzN05wT0E4Ci0tLS0tRU5EIENFUlRJRklDQVRFLS0tLS0K\n    server: https://ics-dev-aks-cluster-5pn1j1vw.hcp.centralus.azmk8s.io:443\n  name: ics-dev-aks-cluster\ncontexts:\n- context:\n    cluster: ics-dev-aks-cluster\n    user: clusterUser_ics-dev-aks-rg_ics-dev-aks-cluster\n  name: ics-dev-aks-cluster\ncurrent-context: ics-dev-aks-cluster\nkind: Config\npreferences: {}\nusers:\n- name: clusterUser_ics-dev-aks-rg_ics-dev-aks-cluster\n  user:\n    client-certificate-data: LS0tLS1CRUdJTiBDRVJUSUZJQ0FURS0tLS0tCk1JSUZIVENDQXdXZ0F3SUJBZ0lRREREbUtmVkRFRnRhamh2L0hkakh3REFOQmdrcWhraUc5dzBCQVFzRkFEQU4KTVFzd0NRWURWUVFERXdKallUQWVGdzB5TlRBME1UY3lNakUwTkROYUZ3MHlOekEwTVRjeU1qSTBORE5hTURBeApGekFWQmdOVkJBb1REbk41YzNSbGJUcHRZWE4wWlhKek1SVXdFd1lEVlFRREV3eHRZWE4wWlhKamJHbGxiblF3CmdnSWlNQTBHQ1NxR1NJYjNEUUVCQVFVQUE0SUNEd0F3Z2dJS0FvSUNBUUM5KzBFZ1Y2UDJZNzVmM29sLzdxWlUKTjJkMysxN2NEbS9JL0EvdTNLTW1hNEw4UHpsSW4zeTlkQ1V4cHQ0Z3Jla2tFS0xsZURqZzljb3pzZlVWZWc5TAphUHJLR004TEZQQWo1Z29vMkNPRDRKSWNJM2dKZ0o1dUhkQ2RuTGJ2dkZaVi9JQWJIZEcxRVZJZTJOT2UxNjQ4CnZNWjNrS2kzc1JCRm9jUHRvTUh1Z1ViQXc0eFVTcHJOQllYU1RsQVFWbWkyTTFiRGlFU0dzWmdDdVJMenVoR0wKM25Hck02b1pIYklIaW1FRldqWGdYS0ovNFhNNkdLenlMVkxYS1BWcnJMcENOdzd3djNNMXVPUlFMaWxMZXZ6dApZL0RnSEFRM1JNcjdoUThhR1FvRjZ5WERvcXlDRk01QW9wSVNRUWt3aDZjLzhCWUdRbzY2Rk8wNlZiN2VzeEUxCmM1b3JlWjBvUVhock0xTzFpYzVnM1lUcTYzRm50SmlQbTV0eGpkQkN2TjdTcG82UW95U2cwNy9IY3BONWlvNUIKZGhBNnoyT0JRd01ScFRKOXIrU0M0c1UzMkpvTnJQdEsrQWdRaU9EdDJ0aGM0czZmWlQweCt0ejl4dVg4cXd5cgp2Y1pZcWo3TC9xRDFuSTV3a3ZIQitvLzdWVHlIQWVyOVppSDZGQXExT1h5UFV1KzZ3SHJMd241OE1tT0g0aEpGCndpaG50V3JDQUxCNnRPdFJoc2JIekdhOVgwR1FpQXNCalpjTXNlQ1UrV2NURytiN0U3MUxzNHlvUG4xVmFLWnoKYitDWEtVYnh1dHViTHRaTU9aMWN1T1N6QVlDTU9rS1VFOVJBM0tsbHN1d0pDRkpuQjJpYXZsd1lpUko4WDZYaAphQUFQQzAveW00WjV4OHZ5b0ZOOTBRSURBUUFCbzFZd1ZEQU9CZ05WSFE4QkFmOEVCQU1DQmFBd0V3WURWUjBsCkJBd3dDZ1lJS3dZQkJRVUhBd0l3REFZRFZSMFRBUUgvQkFJd0FEQWZCZ05WSFNNRUdEQVdnQlRPdUI0d1BjbEEKNWk1Vno5QUVCMXZtR1QyRTBqQU5CZ2txaGtpRzl3MEJBUXNGQUFPQ0FnRUFNa2VuNE5oc2F3dm12ZXpETWQydgpmUHVtaFZwdWFHZTRzc1NvWjRPeGo2THJ3dkFnMHQ4MllpUjEwSUpZVFRhT3pJZFUrc2YrZWpBS1FEZW1QbXo3CjVMY01EaEhLZk1aYlgxR3dHWnMvdDQwNjJBYVk5azNLOHZSenFGbXMrYmVQVHZvdlduV0pIa1V1ZXphdDlYb2IKYlU2dGpHc1Ura3diSDN5NjhlaGdiendXRXk3eUN6OEZZN2ZsWWY4R0lsMlpkcjNDSzdIdWl5TkVPNHo2aDJyaQpGeHAwa2VNODNyNFZKYk9uZnJtRGxGOEZ5Slk4UC9IVEExZk41QzFlcEdPb05tTXMzVUV4WUIvY0hQbHQyM1JoCjNiQm1JMmJKcjExaEppSEVDTWdNMVV4SEU5L1IyMjUzVkh1bC9WS2l0bDZLOWwyR3pHc2ZWdjJUTTlUeHFuUDgKWXlmWVJUc0REUVdvUFNueGhtNWtud0FqaDNhbEdmcFRUdWRCVzZTWFgrZDNyMmtlYVdJU2ZHcmlXZDczcVlQTQoyR3FhWU01SCtidTdjcFJ0Zk95Y2VlbWRoZnVwUjdUTTk5VkRaMW9ob0lrUjl0WUVGcGV4bzlGb21sUXc4aXRzClRveFkxclJPZ21KNTIydlRGQjZhYnBtTFA3cGhkUVZGVVcxTzREMzI5NnZrUStmbXBOWXNYVWFpV3hMeHkzQlYKc3NLVjQ1RXhsODROd0g2VTRNTkJOa3d3djVKRzRLazM3aWZrSzNvbUgxR2FKeWZZUENYeGd2azR0dFNmUjNwYwpqVDZ6L21xdGFNcEN6bFBOdXFmNWwzVktFQUU1bW5MNFQvZURsMm5wK0RxYjJoN0dRYnNVM1hSc3M0MWczMVMxCmlvUEZ4U2tzblU0TCt3eE8yZEFaY0djPQotLS0tLUVORCBDRVJUSUZJQ0FURS0tLS0tCg==\n    client-key-data: LS0tLS1CRUdJTiBSU0EgUFJJVkFURSBLRVktLS0tLQpNSUlKS1FJQkFBS0NBZ0VBdmZ0QklGZWo5bU8rWDk2SmYrNm1WRGRuZC90ZTNBNXZ5UHdQN3R5akptdUMvRDg1ClNKOTh2WFFsTWFiZUlLM3BKQkNpNVhnNDRQWEtNN0gxRlhvUFMyajZ5aGpQQ3hUd0krWUtLTmdqZytDU0hDTjQKQ1lDZWJoM1FuWnkyNzd4V1ZmeUFHeDNSdFJGU0h0alRudGV1UEx6R2Q1Q290N0VRUmFIRDdhREI3b0ZHd01PTQpWRXFhelFXRjBrNVFFRlpvdGpOV3c0aEVockdZQXJrUzg3b1JpOTV4cXpPcUdSMnlCNHBoQlZvMTRGeWlmK0Z6Ck9oaXM4aTFTMXlqMWE2eTZRamNPOEw5ek5iamtVQzRwUzNyODdXUHc0QndFTjBUSys0VVBHaGtLQmVzbHc2S3MKZ2hUT1FLS1NFa0VKTUllblAvQVdCa0tPdWhUdE9sVyszck1STlhPYUszbWRLRUY0YXpOVHRZbk9ZTjJFNnV0eApaN1NZajV1YmNZM1FRcnplMHFhT2tLTWtvTk8veDNLVGVZcU9RWFlRT3M5amdVTURFYVV5ZmEva2d1TEZOOWlhCkRhejdTdmdJRUlqZzdkcllYT0xPbjJVOU1mcmMvY2JsL0tzTXE3M0dXS28reS82ZzlaeU9jSkx4d2ZxUCsxVTgKaHdIcS9XWWgraFFLdFRsOGoxTHZ1c0I2eThKK2ZESmpoK0lTUmNJb1o3VnF3Z0N3ZXJUclVZYkd4OHhtdlY5QgprSWdMQVkyWERMSGdsUGxuRXh2bSt4TzlTN09NcUQ1OVZXaW1jMi9nbHlsRzhicmJteTdXVERtZFhMamtzd0dBCmpEcENsQlBVUU55cFpiTHNDUWhTWndkb21yNWNHSWtTZkYrbDRXZ0FEd3RQOHB1R2VjZkw4cUJUZmRFQ0F3RUEKQVFLQ0FnQU5yM2pNaktPcUR4dGFxcHc3RkFUMVVoeG8vem1oSG9VYzlGTnRnSVZjTWloNFpWR0tFcnNZcHJJNwpObXNQN1pjNjJ0dnhMY3pqSDdHV01iNlc4bmtCbEtsa1A0OUNuQnFFYTREVjJtUU1qdlBYaFJLVGxLbFZBMTdRCnk4WTkxTkpmVlZZaEhlL0tYRm9QRU0yRnhzR3RiR2ZibXhjY1RHd0FxQnVHRmF1Q3M5dFY3WUJCWGpKeWpIQk0KYXduSGM0SU5oZnM5RUtibkVRb0RRRFBHVE9RUXNGQjk1YlhlSTA1OHpwSVlvWnY1OHBKZUplNTRBK2tKZFF4ZgpwWHF3YS92cTR5NTNWME5FWG5KTCtGZFBNYWZncmU5ZkpZV0VPYmRwa1BjNmlRMDR5ZXlwZ0NGdktYS0dJMi9rClVyMEh1dTNvWkRJaDkwOXl4aWtrcDZLZFJrYjU4NzkzOTFVNHkvVkdxYTJyWVkxRlhCU0loamVWVTdBVHBqd1MKTFZ6eGU4bTVId0ozNEhWakpHUHdlREpLaUhGbmYyd3l6UFZHcjgxV1RnR2RFZC9iOUZ6ZTJwYTgzRk91LzliUwpVSHc3dnBOY2tpSjhMeXRhT2xJOUNqNlZOckVGdm5iTzBnOTRxR0YxOE4xTEVsbndmR3lvSzNCYVNVZVVCVWtrClM2c01LdXp3R1Uxak1tK1B4TmdSN1JURTZJWG1IT0JhbTVBRHJxV1JyS09SZG1jbTk2MkVCR0hwN0ZRekNBTWkKSTZvZUxDVGRQMU9hR0F0M29RTUpZTmpkYituNzRNZHN6R3BCSHVaSGNDSFhERGYraEhZZHRtY2dML0xjTTZVagpFNk1EUlMrWGVoK2Roc1NxdWNQclRPWTBtUi9xMlNMZnNHdHMrcFZ0TlZlem42ZkJkUUtDQVFFQXc5RldlMUxKCmpYUExZMG8xd2k0U0VqOTUzdk5vL0Q1Z1JwbFR0bTQ2QkM1L0dlOCtyc1VZc2JwNnlJUnhOQkpnYWVtUCtrSmoKcFZNUENnM2pXNXdUa1ZqYU85K1d6dEtadGZDQ05QanN2RkI1RUNVejVIczFhamZPVEhEOUZmN1lSZ1BFbEtBTApYYlRaeGZicUo5TVh6YXNFY0tJS0ExcmFUejlhVlBSeWtYVXR2ZHdHWEMvNXorMVloMU5weGV2YUxkNG1mb3pHCndxSFdYY2p0YUJSL3ZJb05LZG0xTmdIaCtSMnpkeCs3NGdsVWlHUzRJT3BMdm5PamFkblB3K0VieUhZVTZMV0wKMDZOdEI0andPYVQraTd6blFmSzFiSVU0cS82R1Rqd0s1d1V3U1NqU3Q1QkFYbitlY3B6THlMeXl2Qm9sSGIzcQo5TEx5NWJLbkNyTE5pd0tDQVFFQStGNjZSVkRzbWpQZ0lIMThJbmtwVy9PVkE1ZmlxN0llOEdGZWRIZnpHWlErCkNVRm9QcytWZkFmMjBVYm1Xa2g1NjF4a21nVGlJRU1RaytHVFhLTTMxVUYyR08xM2FCUnkwT0RWZEpNZzUrdHcKeUhiZE83TC9ySEFVTFRTcFp3N0hTM3RkVXROQ0lMbmcwcXpJK1FjeG5KZC9iYWh3YnhiRGNVVldjWWFFUldMcAp1dlJWeHY4T09ZREdqZWZ2MXVvSVRkTlBzbmZjYUFPcndnM3hSVzg5QWxWcFYwenhzOW95MFpQYlZBSXk3ZUduCmt2bUpGT2JkT2hkUkZCSGJLM0htY1gvSnlPT0ZabWxZUThGeWNqaS9pbzFaOUZNVW5mYlVCOVk3V3RxRUtQWHcKa1Rwb2grZDBpc1hxV0ZFUGQzeDJCNXZuc0ZmZzAxTGNQME44R09ORmt3S0NBUUVBckFXcDZKcll6emdMVThWcwpwcEpjYzhWcHBhL0Y2ZHBPTDVjZzBHSFMrN3R4RXZKMjZZZmlZcmZFaDRTNkFobW1zMFJvcEZ4UU4zdFkrZWNyCmRWNE9YcUJrenpaandIdUlaeW5LNlFoSXlFSVZxRlpXV1FEWDh1RGxqWWV3L2ZLc1FnMnJVem1wNG44dTFOZE4KNndCcHA5YjJCcENESldGWjZVWnBiN3B6TDA5MmlKVFN6WWVqK01LMEErWUdSTVltSENkTlA5MGgrdmU3WHhaVgpZUnFwQUpOeWJ2Si9XOXVaallSSEZYNCtTcHNSdE9SdVVSUWl5RVBFS2dnYm1pT1dpYXNhUVRqRGhuL0tGMVY0Clc5dVRkbVRUNzc1dEhOR0g4S2lmaWZqN1J1bnEra292bXV6UmIzTERXa0plVDVGZG54dUV3YlVHeEVLMFdZOXgKYVZlY2N3S0NBUUJhU1pWTlBXM0ZZTFpKR1ZUVzgxU2xxSmF6QjdQTzFxR0lvTnpGV2hWMVp2NW1QdkMyWkovaQp4c0ppc1hOcnZvMFRrakxBQ3FacE0vZ0N5aTNYcnozTXVFOUdJSTBYdU5kRU4zZGhPVnJzOUJtN3hmb0dpYnVICjQvWnh1SU1jZzdMUExibHZNbjBIaUlyQ0N5M0QyV21ma3pNdm1kdkZobkRsN0Y3UVJpWXZVeFhFY0szOStSb2kKclQyQXVKL25jSXcwUG16cVk4Z3J4Nm5Za1ZqejlNd28zUU8rU0twVXh5MVNJbjNJdkVQblZmQ2s3VEYzOTdUVQpPVVd3RmcybWJYRm9NUndaZXh3emJuZzNxVXNCV3IvR2pqdjFKWDZKTGdGR0dBcmJyRFArNytqVDRuZTliOVpkCjNEU2tobE1wRElXYm5vRkxDYWNoS3k0RmtYSzdXV01oQW9JQkFRREE0VVRqMHNHakNRbmJmVFlGeVFuTmVoeDUKUkxSVVFYTmVOMEZad1BIYk5UYlcyZG4zT014RDFuTDdHWnoxcWlMLzgwWW9yclQ5TGxDenE4YVhiZGVwWTJtbgpXMzRpL29XNythU1hvS1M3VHV5Y1c1c0psNGp0RjEzNFVKNm9yQ1g5MmJRaXZKTExweDN1UlZMNjh0TGtkNEtQCkVCZE9zcENnZ2owQVdQTWRNWmlaK09xcmwwVWgvNCszYmhJeUdkSTh2LytmaXVSY29aREhKZFNNdEFkdVl0VGsKeE93M3N5MDc5MUFNRDEzbmNhMVJ3a0tPOG9hWlR4ZXFyQ25EeHpUam1WNHVBbGo3OG5QWEE0U2FRd0dnbnd6dgpMTkZmUmhOYXZYU1VyL3NwdWFaekpPMVcvSEYwNzdMbG9aaU5VYkVOVHJscHJ0SmVTUHArRGZhVEttYWcKLS0tLS1FTkQgUlNBIFBSSVZBVEUgS0VZLS0tLS0K\n    token: g0qp3pqw1waxcihxgatcdq9ubqa3l8kawuv3qd36r49vs55lncc56cry0oa1rhg4p7ll9n6as8qwj1ctrsy2c40tpxwgcnse7an40yrvycuxrkm2t33d25ioshp8z8ul\n",
            "kubelet_identity": [
              {
                "client_id": "bd4c5b29-8c48-4593-8a65-9bc276207083",
                "object_id": "923b03dc-79f4-4e10-a074-6784a8506d7f",
                "user_assigned_identity_id": "/subscriptions/cf8381bd-cf5d-4057-8b9a-38a3705994b4/resourceGroups/ics-dev-aks-mrg/providers/Microsoft.ManagedIdentity/userAssignedIdentities/ics-dev-aks-cluster-agentpool"
              }
            ],
            "kubernetes_version": "1.31.7",
            "linux_profile": [],
            "local_account_disabled": false,
            "location": "centralus",
            "maintenance_window": [],
            "maintenance_window_auto_upgrade": [],
            "maintenance_window_node_os": [],
            "microsoft_defender": [],
            "monitor_metrics": [],
            "name": "ics-dev-aks-cluster",
            "network_profile": [
              {
                "dns_service_ip": "10.0.0.10",
                "ip_versions": [
                  "IPv4"
                ],
                "load_balancer_profile": [
                  {
                    "backend_pool_type": "NodeIPConfiguration",
                    "effective_outbound_ips": [
                      "/subscriptions/cf8381bd-cf5d-4057-8b9a-38a3705994b4/resourceGroups/ics-dev-aks-mrg/providers/Microsoft.Network/publicIPAddresses/7550840e-c14e-4f9e-997c-07d5e8e89a30"
                    ],
                    "idle_timeout_in_minutes": 0,
                    "managed_outbound_ip_count": 1,
                    "managed_outbound_ipv6_count": 0,
                    "outbound_ip_address_ids": [],
                    "outbound_ip_prefix_ids": [],
                    "outbound_ports_allocated": 0
                  }
                ],
                "load_balancer_sku": "standard",
                "nat_gateway_profile": [],
                "network_data_plane": "azure",
                "network_mode": "",
                "network_plugin": "kubenet",
                "network_plugin_mode": "",
                "network_policy": "",
                "outbound_type": "loadBalancer",
                "pod_cidr": "172.16.0.0/16",
                "pod_cidrs": [
                  "172.16.0.0/16"
                ],
                "service_cidr": "10.0.0.0/16",
                "service_cidrs": [
                  "10.0.0.0/16"
                ]
              }
            ],
            "node_os_upgrade_channel": "NodeImage",
            "node_resource_group": "ics-dev-aks-mrg",
            "node_resource_group_id": "/subscriptions/cf8381bd-cf5d-4057-8b9a-38a3705994b4/resourceGroups/ics-dev-aks-mrg",
            "oidc_issuer_enabled": false,
            "oidc_issuer_url": "",
            "oms_agent": [
              {
                "log_analytics_workspace_id": "/subscriptions/cf8381bd-cf5d-4057-8b9a-38a3705994b4/resourceGroups/ics-dev-aks-rg/providers/Microsoft.OperationalInsights/workspaces/ics-dev-aks-cluster-workspace",
                "msi_auth_for_monitoring_enabled": false,
                "oms_agent_identity": [
                  {
                    "client_id": "963f20ef-240a-4371-a39c-4c7b2f28db2c",
                    "object_id": "20491098-f2ee-4d91-a725-16089dae63bb",
                    "user_assigned_identity_id": "/subscriptions/cf8381bd-cf5d-4057-8b9a-38a3705994b4/resourcegroups/ics-dev-aks-mrg/providers/Microsoft.ManagedIdentity/userAssignedIdentities/omsagent-ics-dev-aks-cluster"
                  }
                ]
              }
            ],
            "open_service_mesh_enabled": false,
            "portal_fqdn": "ics-dev-aks-cluster-5pn1j1vw.portal.hcp.centralus.azmk8s.io",
            "private_cluster_enabled": false,
            "private_cluster_public_fqdn_enabled": false,
            "private_dns_zone_id": "",
            "private_fqdn": "",
            "resource_group_name": "ics-dev-aks-rg",
            "role_based_access_control_enabled": true,
            "run_command_enabled": true,
            "service_mesh_profile": [],
            "service_principal": [],
            "sku_tier": "Free",
            "storage_profile": [],
            "support_plan": "KubernetesOfficial",
            "tags": {},
            "timeouts": null,
            "upgrade_override": [],
            "web_app_routing": [],
            "windows_profile": [],
            "workload_autoscaler_profile": [],
            "workload_identity_enabled": false
          },
          "sensitive_attributes": [
            [
              {
                "type": "get_attr",
                "value": "kube_admin_config"
              }
            ],
            [
              {
                "type": "get_attr",
                "value": "kube_config"
              }
            ],
            [
              {
                "type": "get_attr",
                "value": "kube_admin_config_raw"
              }
            ],
            [
              {
                "type": "get_attr",
                "value": "kube_config_raw"
              }
            ]
          ],
          "private": "eyJlMmJmYjczMC1lY2FhLTExZTYtOGY4OC0zNDM2M2JjN2M0YzAiOnsiY3JlYXRlIjo1NDAwMDAwMDAwMDAwLCJkZWxldGUiOjU0MDAwMDAwMDAwMDAsInJlYWQiOjMwMDAwMDAwMDAwMCwidXBkYXRlIjo1NDAwMDAwMDAwMDAwfSwic2NoZW1hX3ZlcnNpb24iOiIyIn0=",
          "dependencies": [
            "module.monitoring.azurerm_log_analytics_workspace.aks",
            "module.network.azurerm_application_gateway.app_gateway",
            "module.network.azurerm_public_ip.app_gateway_pip",
            "module.network.azurerm_subnet.aks_subnet",
            "module.network.azurerm_subnet.app_gateway_subnet",
            "module.network.azurerm_virtual_network.aks_vnet",
            "module.resource_group.azurerm_resource_group.aks_rg"
          ]
        }
      ]
    },
    {
      "module": "module.aks",
      "mode": "managed",
      "type": "azurerm_kubernetes_cluster_node_pool",
      "name": "ci_node_pool",
      "provider": "provider[\"registry.terraform.io/hashicorp/azurerm\"]",
      "instances": [
        {
          "schema_version": 1,
          "attributes": {
            "auto_scaling_enabled": false,
            "capacity_reservation_group_id": "",
            "eviction_policy": "",
            "fips_enabled": false,
            "gpu_instance": null,
            "host_encryption_enabled": false,
            "host_group_id": "",
            "id": "/subscriptions/cf8381bd-cf5d-4057-8b9a-38a3705994b4/resourceGroups/ics-dev-aks-rg/providers/Microsoft.ContainerService/managedClusters/ics-dev-aks-cluster/agentPools/cipool",
            "kubelet_config": [],
            "kubelet_disk_type": "OS",
            "kubernetes_cluster_id": "/subscriptions/cf8381bd-cf5d-4057-8b9a-38a3705994b4/resourceGroups/ics-dev-aks-rg/providers/Microsoft.ContainerService/managedClusters/ics-dev-aks-cluster",
            "linux_os_config": [],
            "max_count": 0,
            "max_pods": 110,
            "min_count": 0,
            "mode": "User",
            "name": "cipool",
            "node_count": 2,
            "node_labels": {
              "environment": "production",
              "nodepool-type": "ci",
              "workload": "harness-delegate"
            },
            "node_network_profile": [],
            "node_public_ip_enabled": false,
            "node_public_ip_prefix_id": "",
            "node_taints": [],
            "orchestrator_version": "1.31.7",
            "os_disk_size_gb": 128,
            "os_disk_type": "Managed",
            "os_sku": "Ubuntu",
            "os_type": "Linux",
            "pod_subnet_id": "",
            "priority": "Regular",
            "proximity_placement_group_id": "",
            "scale_down_mode": "Delete",
            "snapshot_id": null,
            "spot_max_price": -1,
            "tags": {},
            "temporary_name_for_rotation": null,
            "timeouts": null,
            "ultra_ssd_enabled": false,
            "upgrade_settings": [],
            "vm_size": "Standard_D8s_v3",
            "vnet_subnet_id": "/subscriptions/cf8381bd-cf5d-4057-8b9a-38a3705994b4/resourceGroups/ics-dev-aks-rg/providers/Microsoft.Network/virtualNetworks/ics-dev-aks-cluster-vnet/subnets/ics-dev-aks-cluster-subnet",
            "windows_profile": [],
            "workload_runtime": null,
            "zones": []
          },
          "sensitive_attributes": [],
          "private": "eyJlMmJmYjczMC1lY2FhLTExZTYtOGY4OC0zNDM2M2JjN2M0YzAiOnsiY3JlYXRlIjozNjAwMDAwMDAwMDAwLCJkZWxldGUiOjM2MDAwMDAwMDAwMDAsInJlYWQiOjMwMDAwMDAwMDAwMCwidXBkYXRlIjozNjAwMDAwMDAwMDAwfSwic2NoZW1hX3ZlcnNpb24iOiIxIn0=",
          "dependencies": [
            "module.aks.azurerm_kubernetes_cluster.aks",
            "module.monitoring.azurerm_log_analytics_workspace.aks",
            "module.network.azurerm_application_gateway.app_gateway",
            "module.network.azurerm_public_ip.app_gateway_pip",
            "module.network.azurerm_subnet.aks_subnet",
            "module.network.azurerm_subnet.app_gateway_subnet",
            "module.network.azurerm_virtual_network.aks_vnet",
            "module.resource_group.azurerm_resource_group.aks_rg"
          ]
        }
      ]
    },
    {
      "module": "module.aks",
      "mode": "managed",
      "type": "azurerm_role_assignment",
      "name": "aks_network_contributor",
      "provider": "provider[\"registry.terraform.io/hashicorp/azurerm\"]",
      "instances": [
        {
          "schema_version": 0,
          "attributes": {
            "condition": "",
            "condition_version": "",
            "delegated_managed_identity_resource_id": "",
            "description": "",
            "id": "/subscriptions/cf8381bd-cf5d-4057-8b9a-38a3705994b4/resourceGroups/ics-dev-aks-rg/providers/Microsoft.Network/virtualNetworks/ics-dev-aks-cluster-vnet/subnets/ics-dev-aks-cluster-subnet/providers/Microsoft.Authorization/roleAssignments/92e1354c-720a-d417-ad4e-0aea3081979c",
            "name": "92e1354c-720a-d417-ad4e-0aea3081979c",
            "principal_id": "5c3aacca-9b8b-4d18-abe6-1f1161d81ad7",
            "principal_type": "ServicePrincipal",
            "role_definition_id": "/subscriptions/cf8381bd-cf5d-4057-8b9a-38a3705994b4/providers/Microsoft.Authorization/roleDefinitions/4d97b98b-1d4f-4787-a291-c67834d212e7",
            "role_definition_name": "Network Contributor",
            "scope": "/subscriptions/cf8381bd-cf5d-4057-8b9a-38a3705994b4/resourceGroups/ics-dev-aks-rg/providers/Microsoft.Network/virtualNetworks/ics-dev-aks-cluster-vnet/subnets/ics-dev-aks-cluster-subnet",
            "skip_service_principal_aad_check": null,
            "timeouts": null
          },
          "sensitive_attributes": [],
          "private": "eyJlMmJmYjczMC1lY2FhLTExZTYtOGY4OC0zNDM2M2JjN2M0YzAiOnsiY3JlYXRlIjoxODAwMDAwMDAwMDAwLCJkZWxldGUiOjE4MDAwMDAwMDAwMDAsInJlYWQiOjMwMDAwMDAwMDAwMH19",
          "dependencies": [
            "module.aks.azurerm_kubernetes_cluster.aks",
            "module.monitoring.azurerm_log_analytics_workspace.aks",
            "module.network.azurerm_application_gateway.app_gateway",
            "module.network.azurerm_public_ip.app_gateway_pip",
            "module.network.azurerm_subnet.aks_subnet",
            "module.network.azurerm_subnet.app_gateway_subnet",
            "module.network.azurerm_virtual_network.aks_vnet",
            "module.resource_group.azurerm_resource_group.aks_rg"
          ]
        }
      ]
    },
    {
      "module": "module.argocd",
      "mode": "managed",
      "type": "helm_release",
      "name": "argocd",
      "provider": "provider[\"registry.terraform.io/hashicorp/helm\"]",
      "instances": [
        {
          "schema_version": 1,
          "attributes": {
            "atomic": false,
            "chart": "argo-cd",
            "cleanup_on_fail": false,
            "create_namespace": false,
            "dependency_update": false,
            "description": null,
            "devel": null,
            "disable_crd_hooks": false,
            "disable_openapi_validation": false,
            "disable_webhooks": false,
            "force_update": false,
            "id": "argocd",
            "keyring": null,
            "lint": false,
            "manifest": null,
            "max_history": 0,
            "metadata": [
              {
                "app_version": "v2.8.4",
                "chart": "argo-cd",
                "first_deployed": 1745258560,
                "last_deployed": 1745593044,
                "name": "argocd",
                "namespace": "argo",
                "notes": "\n\nIn order to access the server UI you have the following options:\n\n1. kubectl port-forward service/argocd-server -n argo 8080:443\n\n    and then open the browser on http://localhost:8080 and accept the certificate\n\n2. enable ingress in the values file `server.ingress.enabled` and either\n      - Add the annotation for ssl passthrough: https://argo-cd.readthedocs.io/en/stable/operator-manual/ingress/#option-1-ssl-passthrough\n      - Set the `configs.params.\"server.insecure\"` in the values file and terminate SSL at your ingress: https://argo-cd.readthedocs.io/en/stable/operator-manual/ingress/#option-2-multiple-ingress-objects-and-hosts\n\n\nAfter reaching the UI the first time you can login with username: admin and the random password generated during the installation. You can find the password by running:\n\nkubectl -n argo get secret argocd-initial-admin-secret -o jsonpath=\"{.data.password}\" | base64 -d\n\n(You should delete the initial secret afterwards as suggested by the Getting Started Guide: https://argo-cd.readthedocs.io/en/stable/getting_started/#4-login-using-the-cli)\n",
                "revision": 2,
                "values": "{\"configs\":{\"cm\":{\"url\":null}},\"controller\":{\"metrics\":{\"enabled\":true,\"serviceMonitor\":{\"enabled\":true}},\"resources\":{\"limits\":{\"cpu\":\"500m\",\"memory\":\"512Mi\"},\"requests\":{\"cpu\":\"500m\",\"memory\":\"512Mi\"}}},\"crds\":{\"install\":false},\"global\":{\"image\":{\"imagePullPolicy\":\"IfNotPresent\",\"repository\":\"quay.io/argoproj/argocd\"}},\"redis\":{\"enabled\":true},\"repo-server\":{\"metrics\":{\"enabled\":true,\"serviceMonitor\":{\"enabled\":true}},\"resources\":{\"limits\":{\"cpu\":\"500m\",\"memory\":\"512Mi\"},\"requests\":{\"cpu\":\"250m\",\"memory\":\"256Mi\"}}},\"server\":{\"extraArgs\":[null],\"ingress\":{\"enabled\":false},\"metrics\":{\"enabled\":true,\"serviceMonitor\":{\"enabled\":true}},\"resources\":{\"limits\":{\"cpu\":\"500m\",\"memory\":\"256Mi\"},\"requests\":{\"cpu\":\"250m\",\"memory\":\"256Mi\"}},\"service\":{\"type\":\"LoadBalancer\"}}}",
                "version": "5.46.7"
              }
            ],
            "name": "argocd",
            "namespace": "argo",
            "pass_credentials": false,
            "postrender": [],
            "recreate_pods": false,
            "render_subchart_notes": true,
            "replace": false,
            "repository": "https://argoproj.github.io/argo-helm",
            "repository_ca_file": null,
            "repository_cert_file": null,
            "repository_key_file": null,
            "repository_password": null,
            "repository_username": null,
            "reset_values": false,
            "reuse_values": false,
            "set": [
              {
                "name": "crds.install",
                "type": "",
                "value": "false"
              }
            ],
            "set_list": [],
            "set_sensitive": [],
            "skip_crds": false,
            "status": "deployed",
            "timeout": 900,
            "upgrade_install": null,
            "values": [
              "# ArgoCD values content\r\nglobal:\r\n  image:\r\n    repository: quay.io/argoproj/argocd\r\n    imagePullPolicy: IfNotPresent\r\n\r\nserver:\r\n  extraArgs:\r\n    - \r\n  service:\r\n    type: LoadBalancer\r\n  ingress:\r\n    enabled: false\r\n  metrics:\r\n    enabled: true\r\n    serviceMonitor:\r\n      enabled: true\r\n  resources:\r\n    limits:\r\n      cpu: 500m\r\n      memory: 256Mi\r\n    requests:\r\n      cpu: 250m\r\n      memory: 256Mi\r\n\r\ncontroller:\r\n  metrics:\r\n    enabled: true\r\n    serviceMonitor:\r\n      enabled: true\r\n  resources:\r\n    limits:\r\n      cpu: 500m\r\n      memory: 512Mi\r\n    requests:\r\n      cpu: 500m\r\n      memory: 512Mi\r\n\r\nrepo-server:\r\n  metrics:\r\n    enabled: true\r\n    serviceMonitor:\r\n      enabled: true\r\n  resources:\r\n    limits:\r\n      cpu: 500m\r\n      memory: 512Mi\r\n    requests:\r\n      cpu: 250m\r\n      memory: 256Mi\r\n\r\nredis:\r\n  enabled: true\r\n\r\nconfigs:\r\n  cm:\r\n    url: \r\n  "
            ],
            "verify": false,
            "version": "5.46.7",
            "wait": true,
            "wait_for_jobs": false
          },
          "sensitive_attributes": [
            [
              {
                "type": "get_attr",
                "value": "values"
              },
              {
                "type": "index",
                "value": {
                  "value": 0,
                  "type": "number"
                }
              }
            ],
            [
              {
                "type": "get_attr",
                "value": "repository_password"
              }
            ]
          ],
          "private": "eyJzY2hlbWFfdmVyc2lvbiI6IjEifQ==",
          "dependencies": [
            "module.aks.azurerm_kubernetes_cluster.aks",
            "module.argocd.kubernetes_namespace.argo",
            "module.monitoring.azurerm_log_analytics_workspace.aks",
            "module.network.azurerm_application_gateway.app_gateway",
            "module.network.azurerm_public_ip.app_gateway_pip",
            "module.network.azurerm_subnet.aks_subnet",
            "module.network.azurerm_subnet.app_gateway_subnet",
            "module.network.azurerm_virtual_network.aks_vnet",
            "module.resource_group.azurerm_resource_group.aks_rg"
          ]
        }
      ]
    },
    {
      "module": "module.argocd",
      "mode": "managed",
      "type": "kubernetes_ingress_v1",
      "name": "argocd",
      "provider": "provider[\"registry.terraform.io/hashicorp/kubernetes\"]",
      "instances": [
        {
          "schema_version": 0,
          "attributes": {
            "id": "argo/argocd-ingress",
            "metadata": [
              {
                "annotations": {
                  "nginx.ingress.kubernetes.io/ssl-redirect": "true"
                },
                "generate_name": "",
                "generation": 1,
                "labels": {},
                "name": "argocd-ingress",
                "namespace": "argo",
                "resource_version": "1304425",
                "uid": "edd88117-17a6-449b-a7a8-dfb1d997e5df"
              }
            ],
            "spec": [
              {
                "default_backend": [],
                "ingress_class_name": "",
                "rule": [
                  {
                    "host": "argocd.incoraics.com",
                    "http": [
                      {
                        "path": [
                          {
                            "backend": [
                              {
                                "resource": [],
                                "service": [
                                  {
                                    "name": "argocd-server",
                                    "port": [
                                      {
                                        "name": "",
                                        "number": 443
                                      }
                                    ]
                                  }
                                ]
                              }
                            ],
                            "path": "/",
                            "path_type": "Prefix"
                          }
                        ]
                      }
                    ]
                  }
                ],
                "tls": [
                  {
                    "hosts": [
                      "argocd.incoraics.com"
                    ],
                    "secret_name": "argocd-tls"
                  }
                ]
              }
            ],
            "status": [
              {
                "load_balancer": [
                  {
                    "ingress": []
                  }
                ]
              }
            ],
            "timeouts": null,
            "wait_for_load_balancer": null
          },
          "sensitive_attributes": [],
          "private": "eyJlMmJmYjczMC1lY2FhLTExZTYtOGY4OC0zNDM2M2JjN2M0YzAiOnsiY3JlYXRlIjoxMjAwMDAwMDAwMDAwLCJkZWxldGUiOjEyMDAwMDAwMDAwMDB9fQ==",
          "dependencies": [
            "module.aks.azurerm_kubernetes_cluster.aks",
            "module.monitoring.azurerm_log_analytics_workspace.aks",
            "module.network.azurerm_application_gateway.app_gateway",
            "module.network.azurerm_public_ip.app_gateway_pip",
            "module.network.azurerm_subnet.aks_subnet",
            "module.network.azurerm_subnet.app_gateway_subnet",
            "module.network.azurerm_virtual_network.aks_vnet",
            "module.resource_group.azurerm_resource_group.aks_rg"
          ]
        }
      ]
    },
    {
      "module": "module.argocd",
      "mode": "managed",
      "type": "kubernetes_namespace",
      "name": "argo",
      "provider": "provider[\"registry.terraform.io/hashicorp/kubernetes\"]",
      "instances": [
        {
          "schema_version": 0,
          "attributes": {
            "id": "argo",
            "metadata": [
              {
                "annotations": {},
                "generate_name": "",
                "generation": 0,
                "labels": {
                  "app.kubernetes.io/name": "argocd",
                  "app.kubernetes.io/part-of": "argocd"
                },
                "name": "argo",
                "resource_version": "1293290",
                "uid": "580f3352-d776-46e4-a130-2321454524da"
              }
            ],
            "timeouts": null,
            "wait_for_default_service_account": false
          },
          "sensitive_attributes": [],
          "private": "eyJlMmJmYjczMC1lY2FhLTExZTYtOGY4OC0zNDM2M2JjN2M0YzAiOnsiZGVsZXRlIjozMDAwMDAwMDAwMDB9fQ==",
          "dependencies": [
            "module.aks.azurerm_kubernetes_cluster.aks",
            "module.monitoring.azurerm_log_analytics_workspace.aks",
            "module.network.azurerm_application_gateway.app_gateway",
            "module.network.azurerm_public_ip.app_gateway_pip",
            "module.network.azurerm_subnet.aks_subnet",
            "module.network.azurerm_subnet.app_gateway_subnet",
            "module.network.azurerm_virtual_network.aks_vnet",
            "module.resource_group.azurerm_resource_group.aks_rg"
          ]
        }
      ]
    },
    {
      "module": "module.key_vault",
      "mode": "data",
      "type": "azurerm_client_config",
      "name": "current",
      "provider": "provider[\"registry.terraform.io/hashicorp/azurerm\"]",
      "instances": [
        {
          "schema_version": 0,
          "attributes": {
            "client_id": "04b07795-8ddb-461a-bbee-02f9e1bf7b46",
            "id": "Y2xpZW50Q29uZmlncy9jbGllbnRJZD0wNGIwNzc5NS04ZGRiLTQ2MWEtYmJlZS0wMmY5ZTFiZjdiNDY7b2JqZWN0SWQ9MGFlODlhNDMtNGU5Ni00ZTkxLWEwOTgtMzFlYzAwZTBjYTI0O3N1YnNjcmlwdGlvbklkPWNmODM4MWJkLWNmNWQtNDA1Ny04YjlhLTM4YTM3MDU5OTRiNDt0ZW5hbnRJZD1jNzM1NDAyMy1mOTg1LTQxYTYtOTY2ZS1kYTQyODc3NDYxYjQ=",
            "object_id": "0ae89a43-4e96-4e91-a098-31ec00e0ca24",
            "subscription_id": "cf8381bd-cf5d-4057-8b9a-38a3705994b4",
            "tenant_id": "c7354023-f985-41a6-966e-da42877461b4",
            "timeouts": null
          },
          "sensitive_attributes": []
        }
      ]
    },
    {
      "module": "module.key_vault",
      "mode": "managed",
      "type": "azurerm_key_vault",
      "name": "kv",
      "provider": "provider[\"registry.terraform.io/hashicorp/azurerm\"]",
      "instances": [
        {
          "index_key": 0,
          "schema_version": 2,
          "attributes": {
            "access_policy": [],
            "contact": [],
            "enable_rbac_authorization": true,
            "enabled_for_deployment": false,
            "enabled_for_disk_encryption": false,
            "enabled_for_template_deployment": false,
            "id": "/subscriptions/cf8381bd-cf5d-4057-8b9a-38a3705994b4/resourceGroups/ics-dev-aks-rg/providers/Microsoft.KeyVault/vaults/ics-dev-aks-cluster-kv",
            "location": "centralus",
            "name": "ics-dev-aks-cluster-kv",
            "network_acls": [
              {
                "bypass": "AzureServices",
                "default_action": "Allow",
                "ip_rules": [],
                "virtual_network_subnet_ids": []
              }
            ],
            "public_network_access_enabled": true,
            "purge_protection_enabled": false,
            "resource_group_name": "ics-dev-aks-rg",
            "sku_name": "standard",
            "soft_delete_retention_days": 7,
            "tags": {},
            "tenant_id": "c7354023-f985-41a6-966e-da42877461b4",
            "timeouts": null,
            "vault_uri": "https://ics-dev-aks-cluster-kv.vault.azure.net/"
          },
          "sensitive_attributes": [],
          "private": "eyJlMmJmYjczMC1lY2FhLTExZTYtOGY4OC0zNDM2M2JjN2M0YzAiOnsiY3JlYXRlIjoxODAwMDAwMDAwMDAwLCJkZWxldGUiOjE4MDAwMDAwMDAwMDAsInJlYWQiOjMwMDAwMDAwMDAwMCwidXBkYXRlIjoxODAwMDAwMDAwMDAwfSwic2NoZW1hX3ZlcnNpb24iOiIyIn0=",
          "dependencies": [
            "module.aks.azurerm_kubernetes_cluster.aks",
            "module.aks.azurerm_kubernetes_cluster_node_pool.ci_node_pool",
            "module.aks.azurerm_kubernetes_cluster_node_pool.user_node_pool",
            "module.aks.azurerm_role_assignment.aks_acr_pull",
            "module.aks.azurerm_role_assignment.aks_network_contributor",
            "module.key_vault.data.azurerm_client_config.current",
            "module.monitoring.azurerm_log_analytics_workspace.aks",
            "module.network.azurerm_application_gateway.app_gateway",
            "module.network.azurerm_public_ip.app_gateway_pip",
            "module.network.azurerm_subnet.aks_subnet",
            "module.network.azurerm_subnet.app_gateway_subnet",
            "module.network.azurerm_virtual_network.aks_vnet",
            "module.resource_group.azurerm_resource_group.aks_rg"
          ]
        }
      ]
    },
    {
      "module": "module.monitoring",
      "mode": "managed",
      "type": "azurerm_log_analytics_solution",
      "name": "aks",
      "provider": "provider[\"registry.terraform.io/hashicorp/azurerm\"]",
      "instances": [
        {
          "schema_version": 1,
          "attributes": {
            "id": "/subscriptions/cf8381bd-cf5d-4057-8b9a-38a3705994b4/resourceGroups/ics-dev-aks-rg/providers/Microsoft.OperationsManagement/solutions/ContainerInsights(ics-dev-aks-cluster-workspace)",
            "location": "centralus",
            "plan": [
              {
                "name": "ContainerInsights(ics-dev-aks-cluster-workspace)",
                "product": "OMSGallery/ContainerInsights",
                "promotion_code": "",
                "publisher": "Microsoft"
              }
            ],
            "resource_group_name": "ics-dev-aks-rg",
            "solution_name": "ContainerInsights",
            "tags": {},
            "timeouts": null,
            "workspace_name": "ics-dev-aks-cluster-workspace",
            "workspace_resource_id": "/subscriptions/cf8381bd-cf5d-4057-8b9a-38a3705994b4/resourceGroups/ics-dev-aks-rg/providers/Microsoft.OperationalInsights/workspaces/ics-dev-aks-cluster-workspace"
          },
          "sensitive_attributes": [],
          "private": "eyJlMmJmYjczMC1lY2FhLTExZTYtOGY4OC0zNDM2M2JjN2M0YzAiOnsiY3JlYXRlIjoxODAwMDAwMDAwMDAwLCJkZWxldGUiOjE4MDAwMDAwMDAwMDAsInJlYWQiOjMwMDAwMDAwMDAwMCwidXBkYXRlIjoxODAwMDAwMDAwMDAwfSwic2NoZW1hX3ZlcnNpb24iOiIxIn0=",
          "dependencies": [
            "module.monitoring.azurerm_log_analytics_workspace.aks",
            "module.resource_group.azurerm_resource_group.aks_rg"
          ]
        }
      ]
    },
    {
      "module": "module.monitoring",
      "mode": "managed",
      "type": "azurerm_log_analytics_workspace",
      "name": "aks",
      "provider": "provider[\"registry.terraform.io/hashicorp/azurerm\"]",
      "instances": [
        {
          "schema_version": 3,
          "attributes": {
            "allow_resource_only_permissions": true,
            "cmk_for_query_forced": false,
            "daily_quota_gb": -1,
            "data_collection_rule_id": "",
            "id": "/subscriptions/cf8381bd-cf5d-4057-8b9a-38a3705994b4/resourceGroups/ics-dev-aks-rg/providers/Microsoft.OperationalInsights/workspaces/ics-dev-aks-cluster-workspace",
            "identity": [],
            "immediate_data_purge_on_30_days_enabled": false,
            "internet_ingestion_enabled": true,
            "internet_query_enabled": true,
            "local_authentication_disabled": false,
            "location": "centralus",
            "name": "ics-dev-aks-cluster-workspace",
            "primary_shared_key": "rLPuhOR+rVdiKEs+lt4n3bx+gvoJamG32HfTYf2yOiXZIlT5Bia8pU+WeQNjaQUOvv0qurv7Tkmjg5LdDwMjgQ==",
            "reservation_capacity_in_gb_per_day": null,
            "resource_group_name": "ics-dev-aks-rg",
            "retention_in_days": 30,
            "secondary_shared_key": "nVMPCW7rKhiLHBYqmNqO2uJ0MvY8RQciUZ2u0mnFy6243JH1rRal6fyq9idk1rBFf0CKHLqpQ5//8397P0143g==",
            "sku": "PerGB2018",
            "tags": {},
            "timeouts": null,
            "workspace_id": "4378d8c7-e77f-49bc-972b-e2474e83c6c9"
          },
          "sensitive_attributes": [
            [
              {
                "type": "get_attr",
                "value": "primary_shared_key"
              }
            ],
            [
              {
                "type": "get_attr",
                "value": "secondary_shared_key"
              }
            ]
          ],
          "private": "eyJlMmJmYjczMC1lY2FhLTExZTYtOGY4OC0zNDM2M2JjN2M0YzAiOnsiY3JlYXRlIjoxODAwMDAwMDAwMDAwLCJkZWxldGUiOjE4MDAwMDAwMDAwMDAsInJlYWQiOjMwMDAwMDAwMDAwMCwidXBkYXRlIjoxODAwMDAwMDAwMDAwfSwic2NoZW1hX3ZlcnNpb24iOiIzIn0=",
          "dependencies": [
            "module.resource_group.azurerm_resource_group.aks_rg"
          ]
        }
      ]
    },
    {
      "module": "module.network",
      "mode": "managed",
      "type": "azurerm_application_gateway",
      "name": "app_gateway",
      "provider": "provider[\"registry.terraform.io/hashicorp/azurerm\"]",
      "instances": [
        {
          "index_key": 0,
          "schema_version": 0,
          "attributes": {
            "authentication_certificate": [],
            "autoscale_configuration": [],
            "backend_address_pool": [
              {
                "fqdns": [],
                "id": "/subscriptions/cf8381bd-cf5d-4057-8b9a-38a3705994b4/resourceGroups/ics-dev-aks-rg/providers/Microsoft.Network/applicationGateways/ics-dev-aks-cluster-appgw/backendAddressPools/default-backend-pool",
                "ip_addresses": [],
                "name": "default-backend-pool"
              }
            ],
            "backend_http_settings": [
              {
                "affinity_cookie_name": "",
                "authentication_certificate": [],
                "connection_draining": [],
                "cookie_based_affinity": "Disabled",
                "host_name": "",
                "id": "/subscriptions/cf8381bd-cf5d-4057-8b9a-38a3705994b4/resourceGroups/ics-dev-aks-rg/providers/Microsoft.Network/applicationGateways/ics-dev-aks-cluster-appgw/backendHttpSettingsCollection/http-settings",
                "name": "http-settings",
                "path": "",
                "pick_host_name_from_backend_address": false,
                "port": 80,
                "probe_id": "",
                "probe_name": "",
                "protocol": "Http",
                "request_timeout": 30,
                "trusted_root_certificate_names": []
              }
            ],
            "custom_error_configuration": [],
            "enable_http2": false,
            "fips_enabled": false,
            "firewall_policy_id": "",
            "force_firewall_policy_association": false,
            "frontend_ip_configuration": [
              {
                "id": "/subscriptions/cf8381bd-cf5d-4057-8b9a-38a3705994b4/resourceGroups/ics-dev-aks-rg/providers/Microsoft.Network/applicationGateways/ics-dev-aks-cluster-appgw/frontendIPConfigurations/frontend-ip-config",
                "name": "frontend-ip-config",
                "private_ip_address": "",
                "private_ip_address_allocation": "Dynamic",
                "private_link_configuration_id": "",
                "private_link_configuration_name": "",
                "public_ip_address_id": "/subscriptions/cf8381bd-cf5d-4057-8b9a-38a3705994b4/resourceGroups/ics-dev-aks-rg/providers/Microsoft.Network/publicIPAddresses/ics-dev-aks-cluster-appgw-pip",
                "subnet_id": ""
              }
            ],
            "frontend_port": [
              {
                "id": "/subscriptions/cf8381bd-cf5d-4057-8b9a-38a3705994b4/resourceGroups/ics-dev-aks-rg/providers/Microsoft.Network/applicationGateways/ics-dev-aks-cluster-appgw/frontendPorts/http-port",
                "name": "http-port",
                "port": 80
              },
              {
                "id": "/subscriptions/cf8381bd-cf5d-4057-8b9a-38a3705994b4/resourceGroups/ics-dev-aks-rg/providers/Microsoft.Network/applicationGateways/ics-dev-aks-cluster-appgw/frontendPorts/https-port",
                "name": "https-port",
                "port": 443
              }
            ],
            "gateway_ip_configuration": [
              {
                "id": "/subscriptions/cf8381bd-cf5d-4057-8b9a-38a3705994b4/resourceGroups/ics-dev-aks-rg/providers/Microsoft.Network/applicationGateways/ics-dev-aks-cluster-appgw/gatewayIPConfigurations/appgw-ip-config",
                "name": "appgw-ip-config",
                "subnet_id": "/subscriptions/cf8381bd-cf5d-4057-8b9a-38a3705994b4/resourceGroups/ics-dev-aks-rg/providers/Microsoft.Network/virtualNetworks/ics-dev-aks-cluster-vnet/subnets/ics-dev-aks-cluster-appgw-subnet"
              }
            ],
            "global": [],
            "http_listener": [
              {
                "custom_error_configuration": [],
                "firewall_policy_id": "",
                "frontend_ip_configuration_id": "/subscriptions/cf8381bd-cf5d-4057-8b9a-38a3705994b4/resourceGroups/ics-dev-aks-rg/providers/Microsoft.Network/applicationGateways/ics-dev-aks-cluster-appgw/frontendIPConfigurations/frontend-ip-config",
                "frontend_ip_configuration_name": "frontend-ip-config",
                "frontend_port_id": "/subscriptions/cf8381bd-cf5d-4057-8b9a-38a3705994b4/resourceGroups/ics-dev-aks-rg/providers/Microsoft.Network/applicationGateways/ics-dev-aks-cluster-appgw/frontendPorts/http-port",
                "frontend_port_name": "http-port",
                "host_name": "",
                "host_names": [],
                "id": "/subscriptions/cf8381bd-cf5d-4057-8b9a-38a3705994b4/resourceGroups/ics-dev-aks-rg/providers/Microsoft.Network/applicationGateways/ics-dev-aks-cluster-appgw/httpListeners/http-listener",
                "name": "http-listener",
                "protocol": "Http",
                "require_sni": false,
                "ssl_certificate_id": "",
                "ssl_certificate_name": "",
                "ssl_profile_id": "",
                "ssl_profile_name": ""
              }
            ],
            "id": "/subscriptions/cf8381bd-cf5d-4057-8b9a-38a3705994b4/resourceGroups/ics-dev-aks-rg/providers/Microsoft.Network/applicationGateways/ics-dev-aks-cluster-appgw",
            "identity": [],
            "location": "centralus",
            "name": "ics-dev-aks-cluster-appgw",
            "private_endpoint_connection": [],
            "private_link_configuration": [],
            "probe": [],
            "redirect_configuration": [],
            "request_routing_rule": [
              {
                "backend_address_pool_id": "/subscriptions/cf8381bd-cf5d-4057-8b9a-38a3705994b4/resourceGroups/ics-dev-aks-rg/providers/Microsoft.Network/applicationGateways/ics-dev-aks-cluster-appgw/backendAddressPools/default-backend-pool",
                "backend_address_pool_name": "default-backend-pool",
                "backend_http_settings_id": "/subscriptions/cf8381bd-cf5d-4057-8b9a-38a3705994b4/resourceGroups/ics-dev-aks-rg/providers/Microsoft.Network/applicationGateways/ics-dev-aks-cluster-appgw/backendHttpSettingsCollection/http-settings",
                "backend_http_settings_name": "http-settings",
                "http_listener_id": "/subscriptions/cf8381bd-cf5d-4057-8b9a-38a3705994b4/resourceGroups/ics-dev-aks-rg/providers/Microsoft.Network/applicationGateways/ics-dev-aks-cluster-appgw/httpListeners/http-listener",
                "http_listener_name": "http-listener",
                "id": "/subscriptions/cf8381bd-cf5d-4057-8b9a-38a3705994b4/resourceGroups/ics-dev-aks-rg/providers/Microsoft.Network/applicationGateways/ics-dev-aks-cluster-appgw/requestRoutingRules/default-routing-rule",
                "name": "default-routing-rule",
                "priority": 100,
                "redirect_configuration_id": "",
                "redirect_configuration_name": "",
                "rewrite_rule_set_id": "",
                "rewrite_rule_set_name": "",
                "rule_type": "Basic",
                "url_path_map_id": "",
                "url_path_map_name": ""
              }
            ],
            "resource_group_name": "ics-dev-aks-rg",
            "rewrite_rule_set": [],
            "sku": [
              {
                "capacity": 2,
                "name": "Standard_v2",
                "tier": "Standard_v2"
              }
            ],
            "ssl_certificate": [],
            "ssl_policy": [
              {
                "cipher_suites": [],
                "disabled_protocols": [],
                "min_protocol_version": "",
                "policy_name": "AppGwSslPolicy20220101",
                "policy_type": "Predefined"
              }
            ],
            "ssl_profile": [],
            "tags": {},
            "timeouts": null,
            "trusted_client_certificate": [],
            "trusted_root_certificate": [],
            "url_path_map": [],
            "waf_configuration": [],
            "zones": []
          },
          "sensitive_attributes": [],
          "private": "eyJlMmJmYjczMC1lY2FhLTExZTYtOGY4OC0zNDM2M2JjN2M0YzAiOnsiY3JlYXRlIjo1NDAwMDAwMDAwMDAwLCJkZWxldGUiOjU0MDAwMDAwMDAwMDAsInJlYWQiOjMwMDAwMDAwMDAwMCwidXBkYXRlIjo1NDAwMDAwMDAwMDAwfX0=",
          "dependencies": [
            "module.network.azurerm_public_ip.app_gateway_pip",
            "module.network.azurerm_subnet.app_gateway_subnet",
            "module.network.azurerm_virtual_network.aks_vnet",
            "module.resource_group.azurerm_resource_group.aks_rg"
          ]
        }
      ]
    },
    {
      "module": "module.network",
      "mode": "managed",
      "type": "azurerm_public_ip",
      "name": "app_gateway_pip",
      "provider": "provider[\"registry.terraform.io/hashicorp/azurerm\"]",
      "instances": [
        {
          "index_key": 0,
          "schema_version": 0,
          "attributes": {
            "allocation_method": "Static",
            "ddos_protection_mode": "VirtualNetworkInherited",
            "ddos_protection_plan_id": null,
            "domain_name_label": null,
            "domain_name_label_scope": null,
            "edge_zone": "",
            "fqdn": null,
            "id": "/subscriptions/cf8381bd-cf5d-4057-8b9a-38a3705994b4/resourceGroups/ics-dev-aks-rg/providers/Microsoft.Network/publicIPAddresses/ics-dev-aks-cluster-appgw-pip",
            "idle_timeout_in_minutes": 4,
            "ip_address": "52.165.131.252",
            "ip_tags": {},
            "ip_version": "IPv4",
            "location": "centralus",
            "name": "ics-dev-aks-cluster-appgw-pip",
            "public_ip_prefix_id": null,
            "resource_group_name": "ics-dev-aks-rg",
            "reverse_fqdn": null,
            "sku": "Standard",
            "sku_tier": "Regional",
            "tags": {},
            "timeouts": null,
            "zones": []
          },
          "sensitive_attributes": [],
          "private": "eyJlMmJmYjczMC1lY2FhLTExZTYtOGY4OC0zNDM2M2JjN2M0YzAiOnsiY3JlYXRlIjoxODAwMDAwMDAwMDAwLCJkZWxldGUiOjE4MDAwMDAwMDAwMDAsInJlYWQiOjMwMDAwMDAwMDAwMCwidXBkYXRlIjoxODAwMDAwMDAwMDAwfX0=",
          "dependencies": [
            "module.resource_group.azurerm_resource_group.aks_rg"
          ]
        }
      ]
    },
    {
      "module": "module.network",
      "mode": "managed",
      "type": "azurerm_subnet",
      "name": "aks_subnet",
      "provider": "provider[\"registry.terraform.io/hashicorp/azurerm\"]",
      "instances": [
        {
          "schema_version": 0,
          "attributes": {
            "address_prefixes": [
              "10.61.6.32/28"
            ],
            "default_outbound_access_enabled": true,
            "delegation": [],
            "id": "/subscriptions/cf8381bd-cf5d-4057-8b9a-38a3705994b4/resourceGroups/ics-dev-aks-rg/providers/Microsoft.Network/virtualNetworks/ics-dev-aks-cluster-vnet/subnets/ics-dev-aks-cluster-subnet",
            "name": "ics-dev-aks-cluster-subnet",
            "private_endpoint_network_policies": "Disabled",
            "private_link_service_network_policies_enabled": true,
            "resource_group_name": "ics-dev-aks-rg",
            "service_endpoint_policy_ids": [],
            "service_endpoints": [],
            "timeouts": null,
            "virtual_network_name": "ics-dev-aks-cluster-vnet"
          },
          "sensitive_attributes": [],
          "private": "eyJlMmJmYjczMC1lY2FhLTExZTYtOGY4OC0zNDM2M2JjN2M0YzAiOnsiY3JlYXRlIjoxODAwMDAwMDAwMDAwLCJkZWxldGUiOjE4MDAwMDAwMDAwMDAsInJlYWQiOjMwMDAwMDAwMDAwMCwidXBkYXRlIjoxODAwMDAwMDAwMDAwfX0=",
          "dependencies": [
            "module.network.azurerm_virtual_network.aks_vnet",
            "module.resource_group.azurerm_resource_group.aks_rg"
          ]
        }
      ]
    },
    {
      "module": "module.network",
      "mode": "managed",
      "type": "azurerm_subnet",
      "name": "app_gateway_subnet",
      "provider": "provider[\"registry.terraform.io/hashicorp/azurerm\"]",
      "instances": [
        {
          "index_key": 0,
          "schema_version": 0,
          "attributes": {
            "address_prefixes": [
              "10.61.6.48/28"
            ],
            "default_outbound_access_enabled": true,
            "delegation": [],
            "id": "/subscriptions/cf8381bd-cf5d-4057-8b9a-38a3705994b4/resourceGroups/ics-dev-aks-rg/providers/Microsoft.Network/virtualNetworks/ics-dev-aks-cluster-vnet/subnets/ics-dev-aks-cluster-appgw-subnet",
            "name": "ics-dev-aks-cluster-appgw-subnet",
            "private_endpoint_network_policies": "Disabled",
            "private_link_service_network_policies_enabled": true,
            "resource_group_name": "ics-dev-aks-rg",
            "service_endpoint_policy_ids": [],
            "service_endpoints": [],
            "timeouts": null,
            "virtual_network_name": "ics-dev-aks-cluster-vnet"
          },
          "sensitive_attributes": [],
          "private": "eyJlMmJmYjczMC1lY2FhLTExZTYtOGY4OC0zNDM2M2JjN2M0YzAiOnsiY3JlYXRlIjoxODAwMDAwMDAwMDAwLCJkZWxldGUiOjE4MDAwMDAwMDAwMDAsInJlYWQiOjMwMDAwMDAwMDAwMCwidXBkYXRlIjoxODAwMDAwMDAwMDAwfX0=",
          "dependencies": [
            "module.network.azurerm_virtual_network.aks_vnet",
            "module.resource_group.azurerm_resource_group.aks_rg"
          ]
        }
      ]
    },
    {
      "module": "module.network",
      "mode": "managed",
      "type": "azurerm_virtual_network",
      "name": "aks_vnet",
      "provider": "provider[\"registry.terraform.io/hashicorp/azurerm\"]",
      "instances": [
        {
          "schema_version": 0,
          "attributes": {
            "address_space": [
              "10.61.6.32/27"
            ],
            "bgp_community": "",
            "ddos_protection_plan": [],
            "dns_servers": [],
            "edge_zone": "",
            "encryption": [],
            "flow_timeout_in_minutes": 0,
            "guid": "99b71374-bf56-4579-a1c1-4535caea7a22",
            "id": "/subscriptions/cf8381bd-cf5d-4057-8b9a-38a3705994b4/resourceGroups/ics-dev-aks-rg/providers/Microsoft.Network/virtualNetworks/ics-dev-aks-cluster-vnet",
            "location": "centralus",
            "name": "ics-dev-aks-cluster-vnet",
            "private_endpoint_vnet_policies": "Disabled",
            "resource_group_name": "ics-dev-aks-rg",
            "subnet": [
              {
                "address_prefixes": [
                  "10.61.6.32/28"
                ],
                "default_outbound_access_enabled": true,
                "delegation": [],
                "id": "/subscriptions/cf8381bd-cf5d-4057-8b9a-38a3705994b4/resourceGroups/ics-dev-aks-rg/providers/Microsoft.Network/virtualNetworks/ics-dev-aks-cluster-vnet/subnets/ics-dev-aks-cluster-subnet",
                "name": "ics-dev-aks-cluster-subnet",
                "private_endpoint_network_policies": "Disabled",
                "private_link_service_network_policies_enabled": true,
                "route_table_id": "/subscriptions/cf8381bd-cf5d-4057-8b9a-38a3705994b4/resourceGroups/ics-dev-aks-mrg/providers/Microsoft.Network/routeTables/aks-agentpool-28279113-routetable",
                "security_group": "",
                "service_endpoint_policy_ids": [],
                "service_endpoints": []
              },
              {
                "address_prefixes": [
                  "10.61.6.48/28"
                ],
                "default_outbound_access_enabled": true,
                "delegation": [],
                "id": "/subscriptions/cf8381bd-cf5d-4057-8b9a-38a3705994b4/resourceGroups/ics-dev-aks-rg/providers/Microsoft.Network/virtualNetworks/ics-dev-aks-cluster-vnet/subnets/ics-dev-aks-cluster-appgw-subnet",
                "name": "ics-dev-aks-cluster-appgw-subnet",
                "private_endpoint_network_policies": "Disabled",
                "private_link_service_network_policies_enabled": true,
                "route_table_id": "",
                "security_group": "",
                "service_endpoint_policy_ids": [],
                "service_endpoints": []
              }
            ],
            "tags": {},
            "timeouts": null
          },
          "sensitive_attributes": [],
          "private": "eyJlMmJmYjczMC1lY2FhLTExZTYtOGY4OC0zNDM2M2JjN2M0YzAiOnsiY3JlYXRlIjoxODAwMDAwMDAwMDAwLCJkZWxldGUiOjE4MDAwMDAwMDAwMDAsInJlYWQiOjMwMDAwMDAwMDAwMCwidXBkYXRlIjoxODAwMDAwMDAwMDAwfX0=",
          "dependencies": [
            "module.resource_group.azurerm_resource_group.aks_rg"
          ]
        }
      ]
    },
    {
      "module": "module.resource_group",
      "mode": "managed",
      "type": "azurerm_resource_group",
      "name": "aks_rg",
      "provider": "provider[\"registry.terraform.io/hashicorp/azurerm\"]",
      "instances": [
        {
          "schema_version": 0,
          "attributes": {
            "id": "/subscriptions/cf8381bd-cf5d-4057-8b9a-38a3705994b4/resourceGroups/ics-dev-aks-rg",
            "location": "centralus",
            "managed_by": "",
            "name": "ics-dev-aks-rg",
            "tags": {},
            "timeouts": null
          },
          "sensitive_attributes": [],
          "private": "eyJlMmJmYjczMC1lY2FhLTExZTYtOGY4OC0zNDM2M2JjN2M0YzAiOnsiY3JlYXRlIjo1NDAwMDAwMDAwMDAwLCJkZWxldGUiOjU0MDAwMDAwMDAwMDAsInJlYWQiOjMwMDAwMDAwMDAwMCwidXBkYXRlIjo1NDAwMDAwMDAwMDAwfX0="
        }
      ]
    }
  ],
  "check_results": null
}
